
Microsoft Visual Studio Solution File, Format Version 12.00
# Visual Studio 15
VisualStudioVersion = 15.0.27130.2026
MinimumVisualStudioVersion = 10.0.40219.1
Project("{FAE04EC0-301F-11D3-BF4B-00C04F79EFBC}") = "DryIoc", "Net45\DryIoc\DryIoc.csproj", "{B6C2FC35-7586-417B-AD35-32AED63ADFA9}"
EndProject
Project("{FAE04EC0-301F-11D3-BF4B-00C04F79EFBC}") = "DryIoc.IssuesTests", "Net45\DryIoc.IssuesTests\DryIoc.IssuesTests.csproj", "{69ECCA75-698F-41BC-B25F-565AEC01E3EA}"
EndProject
Project("{FAE04EC0-301F-11D3-BF4B-00C04F79EFBC}") = "DryIoc.MefAttributedModel", "Net45\DryIoc.MefAttributedModel\DryIoc.MefAttributedModel.csproj", "{BFB1206A-3545-4369-8F23-49FD1BFFC362}"
EndProject
Project("{FAE04EC0-301F-11D3-BF4B-00C04F79EFBC}") = "DryIoc.MefAttributedModel.CompileTimeAssemblyScan.Tests", "Net45\DryIoc.MefAttributedModel.CompileTimeAssemblyScan.Tests\DryIoc.MefAttributedModel.CompileTimeAssemblyScan.Tests.csproj", "{EE366065-BF63-44D1-BD65-75A214C1EE8E}"
EndProject
Project("{FAE04EC0-301F-11D3-BF4B-00C04F79EFBC}") = "DryIoc.MefAttributedModel.UnitTests", "Net45\DryIoc.MefAttributedModel.UnitTests\DryIoc.MefAttributedModel.UnitTests.csproj", "{BD3EFE68-767A-4F0D-BE4A-AB6334212248}"
EndProject
Project("{FAE04EC0-301F-11D3-BF4B-00C04F79EFBC}") = "DryIoc.MefAttributedModel.UnitTests.CUT", "Net45\DryIoc.MefAttributedModel.UnitTests.CUT\DryIoc.MefAttributedModel.UnitTests.CUT.csproj", "{E210B3D9-29C8-46F5-8968-09A0E5857158}"
EndProject
Project("{FAE04EC0-301F-11D3-BF4B-00C04F79EFBC}") = "DryIoc.Samples.CUT", "Net45\DryIoc.Samples.CUT\DryIoc.Samples.CUT.csproj", "{4D1145DB-53DF-414B-8826-A38CF83B4678}"
EndProject
Project("{FAE04EC0-301F-11D3-BF4B-00C04F79EFBC}") = "DryIoc.UnitTests", "Net45\DryIoc.UnitTests\DryIoc.UnitTests.csproj", "{13085219-07C8-4907-BA4B-E215B3DBA588}"
EndProject
Project("{FAE04EC0-301F-11D3-BF4B-00C04F79EFBC}") = "DryIocAttributes", "Net45\DryIocAttributes\DryIocAttributes.csproj", "{9FB3BBB2-30A6-4B67-9AF7-FFC152920E49}"
EndProject
Project("{FAE04EC0-301F-11D3-BF4B-00C04F79EFBC}") = "Playground", "Net45\Playground\Playground.csproj", "{7F524A24-95CA-49FB-92B9-9471964FC405}"
EndProject
Project("{FAE04EC0-301F-11D3-BF4B-00C04F79EFBC}") = "DryIocZero", "Net45\DryIocZero\DryIocZero.csproj", "{181FC23C-08F1-4385-8549-B13781D82F23}"
EndProject
Project("{FAE04EC0-301F-11D3-BF4B-00C04F79EFBC}") = "DryIocZero.UnitTests", "Net45\DryIocZero.UnitTests\DryIocZero.UnitTests.csproj", "{7D2656A9-81D3-4CCD-94E5-9CB8FC7E5E70}"
EndProject
Project("{2150E333-8FDC-42A3-9474-1A3956D46DE8}") = "Solution Items", "Solution Items", "{1D2F543C-CE8C-42B4-ABC2-6E0F9DBD76BE}"
	ProjectSection(SolutionItems) = preProject
		CONTRIBUTING.md = CONTRIBUTING.md
		README.md = README.md
	EndProjectSection
EndProject
Project("{2150E333-8FDC-42A3-9474-1A3956D46DE8}") = "Extensions", "Extensions", "{5454D365-E93C-42B8-8314-E304DB5765B3}"
EndProject
Project("{FAE04EC0-301F-11D3-BF4B-00C04F79EFBC}") = "DryIoc.Mvc", "Extensions\DryIoc.Mvc\DryIoc.Mvc.csproj", "{6936BFF7-6EE1-4A17-BBB7-4941D5F687DB}"
EndProject
Project("{FAE04EC0-301F-11D3-BF4B-00C04F79EFBC}") = "DryIoc.Mvc.Owin.UnitTests", "Extensions\DryIoc.Mvc.Owin.UnitTests\DryIoc.Mvc.Owin.UnitTests.csproj", "{642F214F-8956-43CF-9011-2C2A9ADB6426}"
EndProject
Project("{FAE04EC0-301F-11D3-BF4B-00C04F79EFBC}") = "DryIoc.Owin", "Extensions\DryIoc.Owin\DryIoc.Owin.csproj", "{6E6097BE-1EA6-46A7-9EEF-179D6651804B}"
EndProject
Project("{FAE04EC0-301F-11D3-BF4B-00C04F79EFBC}") = "DryIoc.Mvc.UnitTests", "Extensions\DryIoc.Mvc.UnitTests\DryIoc.Mvc.UnitTests.csproj", "{ADD26CAE-81BF-4C24-82AF-C9C9F1F95708}"
EndProject
Project("{FAE04EC0-301F-11D3-BF4B-00C04F79EFBC}") = "DryIoc.Owin.UnitTests", "Extensions\DryIoc.Owin.UnitTests\DryIoc.Owin.UnitTests.csproj", "{7EB4E288-1857-4E37-A2EE-874B4F24DEE8}"
EndProject
Project("{FAE04EC0-301F-11D3-BF4B-00C04F79EFBC}") = "DryIoc.SignalR", "Extensions\DryIoc.SignalR\DryIoc.SignalR.csproj", "{2C64058F-BF04-4BBA-A84F-759AA479DB0E}"
EndProject
Project("{FAE04EC0-301F-11D3-BF4B-00C04F79EFBC}") = "DryIoc.Syntax.Autofac", "Extensions\DryIoc.Syntax.Autofac\DryIoc.Syntax.Autofac.csproj", "{67A2615C-34B5-41AC-B5C9-CE82C5D28368}"
EndProject
Project("{FAE04EC0-301F-11D3-BF4B-00C04F79EFBC}") = "DryIoc.Syntax.Autofac.UnitTests", "Extensions\DryIoc.Syntax.Autofac.UnitTests\DryIoc.Syntax.Autofac.UnitTests.csproj", "{9A903363-6925-4C9F-9A19-F751F4987604}"
EndProject
Project("{FAE04EC0-301F-11D3-BF4B-00C04F79EFBC}") = "DryIoc.Web", "Extensions\DryIoc.Web\DryIoc.Web.csproj", "{3AF3B3B0-A5DA-45D0-91C7-7A9E96716FAB}"
EndProject
Project("{FAE04EC0-301F-11D3-BF4B-00C04F79EFBC}") = "DryIoc.Web.UnitTests", "Extensions\DryIoc.Web.UnitTests\DryIoc.Web.UnitTests.csproj", "{EBC646EC-DC8E-4BCB-AB7E-97BFD218ACA2}"
EndProject
Project("{FAE04EC0-301F-11D3-BF4B-00C04F79EFBC}") = "DryIoc.WebApi", "Extensions\DryIoc.WebApi\DryIoc.WebApi.csproj", "{5C8368E1-143B-4D37-9F33-BCE395D9C3A4}"
EndProject
Project("{FAE04EC0-301F-11D3-BF4B-00C04F79EFBC}") = "DryIoc.WebApi.Owin", "Extensions\DryIoc.WebApi.Owin\DryIoc.WebApi.Owin.csproj", "{34553207-1BE8-42D3-9FE5-B4419CBC7764}"
EndProject
Project("{FAE04EC0-301F-11D3-BF4B-00C04F79EFBC}") = "DryIoc.WebApi.Owin.UnitTests", "Extensions\DryIoc.WebApi.Owin.UnitTests\DryIoc.WebApi.Owin.UnitTests.csproj", "{14DD4C53-014F-45EE-AF31-47B1B4E4F093}"
EndProject
Project("{FAE04EC0-301F-11D3-BF4B-00C04F79EFBC}") = "DryIoc.WebApi.UnitTests", "Extensions\DryIoc.WebApi.UnitTests\DryIoc.WebApi.UnitTests.csproj", "{AA46EECE-D592-43EE-B291-A68A756E89F5}"
EndProject
Project("{FAE04EC0-301F-11D3-BF4B-00C04F79EFBC}") = "DryIocZero.WebApi", "Extensions\DryIocZero.WebApi\DryIocZero.WebApi.csproj", "{E5D3A0BD-21E8-4C2B-A37D-4B8082C1C3F8}"
EndProject
Project("{FAE04EC0-301F-11D3-BF4B-00C04F79EFBC}") = "DryIoc.WebApi.Owin.Sample", "Extensions\DryIoc.WebApi.Owin.Sample\DryIoc.WebApi.Owin.Sample.csproj", "{FFBA94E2-8293-4F38-B687-72E4A64D64CD}"
EndProject
Project("{FAE04EC0-301F-11D3-BF4B-00C04F79EFBC}") = "DryIoc.SignalR.UnitTests", "Extensions\DryIoc.SignalR.UnitTests\DryIoc.SignalR.UnitTests.csproj", "{E68325C4-FD55-42DB-A083-ACD58FF8DF82}"
EndProject
Project("{FAE04EC0-301F-11D3-BF4B-00C04F79EFBC}") = "DryIoc.CommonServiceLocator", "Extensions\DryIoc.CommonServiceLocator\DryIoc.CommonServiceLocator.csproj", "{CCBEDDC4-2415-4424-B810-544AA752004B}"
EndProject
Project("{FAE04EC0-301F-11D3-BF4B-00C04F79EFBC}") = "DryIoc.CommonServiceLocator.UnitTests", "Extensions\DryIoc.CommonServiceLocator.UnitTests\DryIoc.CommonServiceLocator.UnitTests.csproj", "{03A6D34D-3062-42F0-ACED-095C3A2657CB}"
EndProject
Project("{2150E333-8FDC-42A3-9474-1A3956D46DE8}") = "NuGetSpecs", "NuGetSpecs", "{09DF12F2-2667-4506-B1F0-EAA052189E54}"
	ProjectSection(SolutionItems) = preProject
		NuGetSpecs\DryIoc.CommonServiceLocator.dll.nuspec = NuGetSpecs\DryIoc.CommonServiceLocator.dll.nuspec
		NuGetSpecs\DryIoc.CommonServiceLocator.nuspec = NuGetSpecs\DryIoc.CommonServiceLocator.nuspec
		NuGetSpecs\DryIoc.dll.nuspec = NuGetSpecs\DryIoc.dll.nuspec
		NuGetSpecs\DryIoc.Internal.nuspec = NuGetSpecs\DryIoc.Internal.nuspec
		NuGetSpecs\DryIoc.MefAttributedModel.dll.nuspec = NuGetSpecs\DryIoc.MefAttributedModel.dll.nuspec
		NuGetSpecs\DryIoc.MefAttributedModel.nuspec = NuGetSpecs\DryIoc.MefAttributedModel.nuspec
		NuGetSpecs\DryIoc.Mvc.dll.nuspec = NuGetSpecs\DryIoc.Mvc.dll.nuspec
		NuGetSpecs\DryIoc.Mvc.nuspec = NuGetSpecs\DryIoc.Mvc.nuspec
		NuGetSpecs\DryIoc.nuspec = NuGetSpecs\DryIoc.nuspec
		NuGetSpecs\DryIoc.Owin.dll.nuspec = NuGetSpecs\DryIoc.Owin.dll.nuspec
		NuGetSpecs\DryIoc.Owin.nuspec = NuGetSpecs\DryIoc.Owin.nuspec
		NuGetSpecs\DryIoc.SignalR.dll.nuspec = NuGetSpecs\DryIoc.SignalR.dll.nuspec
		NuGetSpecs\DryIoc.SignalR.nuspec = NuGetSpecs\DryIoc.SignalR.nuspec
		NuGetSpecs\DryIoc.Web.dll.nuspec = NuGetSpecs\DryIoc.Web.dll.nuspec
		NuGetSpecs\DryIoc.Web.nuspec = NuGetSpecs\DryIoc.Web.nuspec
		NuGetSpecs\DryIoc.WebApi.dll.nuspec = NuGetSpecs\DryIoc.WebApi.dll.nuspec
		NuGetSpecs\DryIoc.WebApi.nuspec = NuGetSpecs\DryIoc.WebApi.nuspec
		NuGetSpecs\DryIoc.WebApi.Owin.dll.nuspec = NuGetSpecs\DryIoc.WebApi.Owin.dll.nuspec
		NuGetSpecs\DryIoc.WebApi.Owin.nuspec = NuGetSpecs\DryIoc.WebApi.Owin.nuspec
		NuGetSpecs\DryIocAttributes.dll.nuspec = NuGetSpecs\DryIocAttributes.dll.nuspec
		NuGetSpecs\DryIocAttributes.nuspec = NuGetSpecs\DryIocAttributes.nuspec
		NuGetSpecs\DryIocZero.nuspec = NuGetSpecs\DryIocZero.nuspec
	EndProjectSection
EndProject
Project("{2150E333-8FDC-42A3-9474-1A3956D46DE8}") = "BuildScripts", "BuildScripts", "{72DDC0B8-A426-4745-AE5B-CDCA8AF0A3BB}"
	ProjectSection(SolutionItems) = preProject
		BuildScripts\_main.bat = BuildScripts\_main.bat
		BuildScripts\Build.bat = BuildScripts\Build.bat
		BuildScripts\Build15.bat = BuildScripts\Build15.bat
		BuildScripts\Clean.bat = BuildScripts\Clean.bat
		BuildScripts\MakeInternal.ps1 = BuildScripts\MakeInternal.ps1
		BuildScripts\NuGetPack.bat = BuildScripts\NuGetPack.bat
		BuildScripts\NuGetPublish.bat = BuildScripts\NuGetPublish.bat
		BuildScripts\RunTestsWithCoverage.bat = BuildScripts\RunTestsWithCoverage.bat
	EndProjectSection
EndProject
Global
	GlobalSection(SolutionConfigurationPlatforms) = preSolution
		Debug|Any CPU = Debug|Any CPU
		Release|Any CPU = Release|Any CPU
	EndGlobalSection
	GlobalSection(ProjectConfigurationPlatforms) = postSolution
		{B6C2FC35-7586-417B-AD35-32AED63ADFA9}.Debug|Any CPU.ActiveCfg = Debug|Any CPU
		{B6C2FC35-7586-417B-AD35-32AED63ADFA9}.Debug|Any CPU.Build.0 = Debug|Any CPU
		{B6C2FC35-7586-417B-AD35-32AED63ADFA9}.Release|Any CPU.ActiveCfg = Release|Any CPU
		{B6C2FC35-7586-417B-AD35-32AED63ADFA9}.Release|Any CPU.Build.0 = Release|Any CPU
		{69ECCA75-698F-41BC-B25F-565AEC01E3EA}.Debug|Any CPU.ActiveCfg = Debug|Any CPU
		{69ECCA75-698F-41BC-B25F-565AEC01E3EA}.Debug|Any CPU.Build.0 = Debug|Any CPU
		{69ECCA75-698F-41BC-B25F-565AEC01E3EA}.Release|Any CPU.ActiveCfg = Release|Any CPU
		{69ECCA75-698F-41BC-B25F-565AEC01E3EA}.Release|Any CPU.Build.0 = Release|Any CPU
		{BFB1206A-3545-4369-8F23-49FD1BFFC362}.Debug|Any CPU.ActiveCfg = Debug|Any CPU
		{BFB1206A-3545-4369-8F23-49FD1BFFC362}.Debug|Any CPU.Build.0 = Debug|Any CPU
		{BFB1206A-3545-4369-8F23-49FD1BFFC362}.Release|Any CPU.ActiveCfg = Release|Any CPU
		{BFB1206A-3545-4369-8F23-49FD1BFFC362}.Release|Any CPU.Build.0 = Release|Any CPU
		{EE366065-BF63-44D1-BD65-75A214C1EE8E}.Debug|Any CPU.ActiveCfg = Debug|Any CPU
		{EE366065-BF63-44D1-BD65-75A214C1EE8E}.Debug|Any CPU.Build.0 = Debug|Any CPU
		{EE366065-BF63-44D1-BD65-75A214C1EE8E}.Release|Any CPU.ActiveCfg = Release|Any CPU
		{EE366065-BF63-44D1-BD65-75A214C1EE8E}.Release|Any CPU.Build.0 = Release|Any CPU
		{BD3EFE68-767A-4F0D-BE4A-AB6334212248}.Debug|Any CPU.ActiveCfg = Debug|Any CPU
		{BD3EFE68-767A-4F0D-BE4A-AB6334212248}.Debug|Any CPU.Build.0 = Debug|Any CPU
		{BD3EFE68-767A-4F0D-BE4A-AB6334212248}.Release|Any CPU.ActiveCfg = Release|Any CPU
		{BD3EFE68-767A-4F0D-BE4A-AB6334212248}.Release|Any CPU.Build.0 = Release|Any CPU
		{E210B3D9-29C8-46F5-8968-09A0E5857158}.Debug|Any CPU.ActiveCfg = Debug|Any CPU
		{E210B3D9-29C8-46F5-8968-09A0E5857158}.Debug|Any CPU.Build.0 = Debug|Any CPU
		{E210B3D9-29C8-46F5-8968-09A0E5857158}.Release|Any CPU.ActiveCfg = Release|Any CPU
		{E210B3D9-29C8-46F5-8968-09A0E5857158}.Release|Any CPU.Build.0 = Release|Any CPU
		{4D1145DB-53DF-414B-8826-A38CF83B4678}.Debug|Any CPU.ActiveCfg = Debug|Any CPU
		{4D1145DB-53DF-414B-8826-A38CF83B4678}.Debug|Any CPU.Build.0 = Debug|Any CPU
		{4D1145DB-53DF-414B-8826-A38CF83B4678}.Release|Any CPU.ActiveCfg = Release|Any CPU
		{4D1145DB-53DF-414B-8826-A38CF83B4678}.Release|Any CPU.Build.0 = Release|Any CPU
		{13085219-07C8-4907-BA4B-E215B3DBA588}.Debug|Any CPU.ActiveCfg = Debug|Any CPU
		{13085219-07C8-4907-BA4B-E215B3DBA588}.Debug|Any CPU.Build.0 = Debug|Any CPU
		{13085219-07C8-4907-BA4B-E215B3DBA588}.Release|Any CPU.ActiveCfg = Release|Any CPU
		{13085219-07C8-4907-BA4B-E215B3DBA588}.Release|Any CPU.Build.0 = Release|Any CPU
		{9FB3BBB2-30A6-4B67-9AF7-FFC152920E49}.Debug|Any CPU.ActiveCfg = Debug|Any CPU
		{9FB3BBB2-30A6-4B67-9AF7-FFC152920E49}.Debug|Any CPU.Build.0 = Debug|Any CPU
		{9FB3BBB2-30A6-4B67-9AF7-FFC152920E49}.Release|Any CPU.ActiveCfg = Release|Any CPU
		{9FB3BBB2-30A6-4B67-9AF7-FFC152920E49}.Release|Any CPU.Build.0 = Release|Any CPU
		{7F524A24-95CA-49FB-92B9-9471964FC405}.Debug|Any CPU.ActiveCfg = Debug|Any CPU
		{7F524A24-95CA-49FB-92B9-9471964FC405}.Debug|Any CPU.Build.0 = Debug|Any CPU
		{7F524A24-95CA-49FB-92B9-9471964FC405}.Release|Any CPU.ActiveCfg = Release|Any CPU
		{7F524A24-95CA-49FB-92B9-9471964FC405}.Release|Any CPU.Build.0 = Release|Any CPU
		{181FC23C-08F1-4385-8549-B13781D82F23}.Debug|Any CPU.ActiveCfg = Debug|Any CPU
		{181FC23C-08F1-4385-8549-B13781D82F23}.Debug|Any CPU.Build.0 = Debug|Any CPU
		{181FC23C-08F1-4385-8549-B13781D82F23}.Release|Any CPU.ActiveCfg = Release|Any CPU
		{181FC23C-08F1-4385-8549-B13781D82F23}.Release|Any CPU.Build.0 = Release|Any CPU
		{7D2656A9-81D3-4CCD-94E5-9CB8FC7E5E70}.Debug|Any CPU.ActiveCfg = Debug|Any CPU
		{7D2656A9-81D3-4CCD-94E5-9CB8FC7E5E70}.Debug|Any CPU.Build.0 = Debug|Any CPU
		{7D2656A9-81D3-4CCD-94E5-9CB8FC7E5E70}.Release|Any CPU.ActiveCfg = Release|Any CPU
		{7D2656A9-81D3-4CCD-94E5-9CB8FC7E5E70}.Release|Any CPU.Build.0 = Release|Any CPU
		{6936BFF7-6EE1-4A17-BBB7-4941D5F687DB}.Debug|Any CPU.ActiveCfg = Debug|Any CPU
		{6936BFF7-6EE1-4A17-BBB7-4941D5F687DB}.Debug|Any CPU.Build.0 = Debug|Any CPU
		{6936BFF7-6EE1-4A17-BBB7-4941D5F687DB}.Release|Any CPU.ActiveCfg = Release|Any CPU
		{6936BFF7-6EE1-4A17-BBB7-4941D5F687DB}.Release|Any CPU.Build.0 = Release|Any CPU
		{642F214F-8956-43CF-9011-2C2A9ADB6426}.Debug|Any CPU.ActiveCfg = Debug|Any CPU
		{642F214F-8956-43CF-9011-2C2A9ADB6426}.Debug|Any CPU.Build.0 = Debug|Any CPU
		{642F214F-8956-43CF-9011-2C2A9ADB6426}.Release|Any CPU.ActiveCfg = Release|Any CPU
		{642F214F-8956-43CF-9011-2C2A9ADB6426}.Release|Any CPU.Build.0 = Release|Any CPU
		{6E6097BE-1EA6-46A7-9EEF-179D6651804B}.Debug|Any CPU.ActiveCfg = Debug|Any CPU
		{6E6097BE-1EA6-46A7-9EEF-179D6651804B}.Debug|Any CPU.Build.0 = Debug|Any CPU
		{6E6097BE-1EA6-46A7-9EEF-179D6651804B}.Release|Any CPU.ActiveCfg = Release|Any CPU
		{6E6097BE-1EA6-46A7-9EEF-179D6651804B}.Release|Any CPU.Build.0 = Release|Any CPU
		{ADD26CAE-81BF-4C24-82AF-C9C9F1F95708}.Debug|Any CPU.ActiveCfg = Debug|Any CPU
		{ADD26CAE-81BF-4C24-82AF-C9C9F1F95708}.Debug|Any CPU.Build.0 = Debug|Any CPU
		{ADD26CAE-81BF-4C24-82AF-C9C9F1F95708}.Release|Any CPU.ActiveCfg = Release|Any CPU
		{ADD26CAE-81BF-4C24-82AF-C9C9F1F95708}.Release|Any CPU.Build.0 = Release|Any CPU
		{7EB4E288-1857-4E37-A2EE-874B4F24DEE8}.Debug|Any CPU.ActiveCfg = Debug|Any CPU
		{7EB4E288-1857-4E37-A2EE-874B4F24DEE8}.Debug|Any CPU.Build.0 = Debug|Any CPU
		{7EB4E288-1857-4E37-A2EE-874B4F24DEE8}.Release|Any CPU.ActiveCfg = Release|Any CPU
		{7EB4E288-1857-4E37-A2EE-874B4F24DEE8}.Release|Any CPU.Build.0 = Release|Any CPU
		{2C64058F-BF04-4BBA-A84F-759AA479DB0E}.Debug|Any CPU.ActiveCfg = Debug|Any CPU
		{2C64058F-BF04-4BBA-A84F-759AA479DB0E}.Debug|Any CPU.Build.0 = Debug|Any CPU
		{2C64058F-BF04-4BBA-A84F-759AA479DB0E}.Release|Any CPU.ActiveCfg = Release|Any CPU
		{2C64058F-BF04-4BBA-A84F-759AA479DB0E}.Release|Any CPU.Build.0 = Release|Any CPU
		{67A2615C-34B5-41AC-B5C9-CE82C5D28368}.Debug|Any CPU.ActiveCfg = Debug|Any CPU
		{67A2615C-34B5-41AC-B5C9-CE82C5D28368}.Debug|Any CPU.Build.0 = Debug|Any CPU
		{67A2615C-34B5-41AC-B5C9-CE82C5D28368}.Release|Any CPU.ActiveCfg = Release|Any CPU
		{67A2615C-34B5-41AC-B5C9-CE82C5D28368}.Release|Any CPU.Build.0 = Release|Any CPU
		{9A903363-6925-4C9F-9A19-F751F4987604}.Debug|Any CPU.ActiveCfg = Debug|Any CPU
		{9A903363-6925-4C9F-9A19-F751F4987604}.Debug|Any CPU.Build.0 = Debug|Any CPU
		{9A903363-6925-4C9F-9A19-F751F4987604}.Release|Any CPU.ActiveCfg = Release|Any CPU
		{9A903363-6925-4C9F-9A19-F751F4987604}.Release|Any CPU.Build.0 = Release|Any CPU
		{3AF3B3B0-A5DA-45D0-91C7-7A9E96716FAB}.Debug|Any CPU.ActiveCfg = Debug|Any CPU
		{3AF3B3B0-A5DA-45D0-91C7-7A9E96716FAB}.Debug|Any CPU.Build.0 = Debug|Any CPU
		{3AF3B3B0-A5DA-45D0-91C7-7A9E96716FAB}.Release|Any CPU.ActiveCfg = Release|Any CPU
		{3AF3B3B0-A5DA-45D0-91C7-7A9E96716FAB}.Release|Any CPU.Build.0 = Release|Any CPU
		{EBC646EC-DC8E-4BCB-AB7E-97BFD218ACA2}.Debug|Any CPU.ActiveCfg = Debug|Any CPU
		{EBC646EC-DC8E-4BCB-AB7E-97BFD218ACA2}.Debug|Any CPU.Build.0 = Debug|Any CPU
		{EBC646EC-DC8E-4BCB-AB7E-97BFD218ACA2}.Release|Any CPU.ActiveCfg = Release|Any CPU
		{EBC646EC-DC8E-4BCB-AB7E-97BFD218ACA2}.Release|Any CPU.Build.0 = Release|Any CPU
		{5C8368E1-143B-4D37-9F33-BCE395D9C3A4}.Debug|Any CPU.ActiveCfg = Debug|Any CPU
		{5C8368E1-143B-4D37-9F33-BCE395D9C3A4}.Debug|Any CPU.Build.0 = Debug|Any CPU
		{5C8368E1-143B-4D37-9F33-BCE395D9C3A4}.Release|Any CPU.ActiveCfg = Release|Any CPU
		{5C8368E1-143B-4D37-9F33-BCE395D9C3A4}.Release|Any CPU.Build.0 = Release|Any CPU
		{34553207-1BE8-42D3-9FE5-B4419CBC7764}.Debug|Any CPU.ActiveCfg = Debug|Any CPU
		{34553207-1BE8-42D3-9FE5-B4419CBC7764}.Debug|Any CPU.Build.0 = Debug|Any CPU
		{34553207-1BE8-42D3-9FE5-B4419CBC7764}.Release|Any CPU.ActiveCfg = Release|Any CPU
		{34553207-1BE8-42D3-9FE5-B4419CBC7764}.Release|Any CPU.Build.0 = Release|Any CPU
		{14DD4C53-014F-45EE-AF31-47B1B4E4F093}.Debug|Any CPU.ActiveCfg = Debug|Any CPU
		{14DD4C53-014F-45EE-AF31-47B1B4E4F093}.Debug|Any CPU.Build.0 = Debug|Any CPU
		{14DD4C53-014F-45EE-AF31-47B1B4E4F093}.Release|Any CPU.ActiveCfg = Release|Any CPU
		{14DD4C53-014F-45EE-AF31-47B1B4E4F093}.Release|Any CPU.Build.0 = Release|Any CPU
		{AA46EECE-D592-43EE-B291-A68A756E89F5}.Debug|Any CPU.ActiveCfg = Debug|Any CPU
		{AA46EECE-D592-43EE-B291-A68A756E89F5}.Debug|Any CPU.Build.0 = Debug|Any CPU
		{AA46EECE-D592-43EE-B291-A68A756E89F5}.Release|Any CPU.ActiveCfg = Release|Any CPU
		{AA46EECE-D592-43EE-B291-A68A756E89F5}.Release|Any CPU.Build.0 = Release|Any CPU
		{E5D3A0BD-21E8-4C2B-A37D-4B8082C1C3F8}.Debug|Any CPU.ActiveCfg = Debug|Any CPU
		{E5D3A0BD-21E8-4C2B-A37D-4B8082C1C3F8}.Debug|Any CPU.Build.0 = Debug|Any CPU
		{E5D3A0BD-21E8-4C2B-A37D-4B8082C1C3F8}.Release|Any CPU.ActiveCfg = Release|Any CPU
		{E5D3A0BD-21E8-4C2B-A37D-4B8082C1C3F8}.Release|Any CPU.Build.0 = Release|Any CPU
		{FFBA94E2-8293-4F38-B687-72E4A64D64CD}.Debug|Any CPU.ActiveCfg = Debug|Any CPU
		{FFBA94E2-8293-4F38-B687-72E4A64D64CD}.Debug|Any CPU.Build.0 = Debug|Any CPU
		{FFBA94E2-8293-4F38-B687-72E4A64D64CD}.Release|Any CPU.ActiveCfg = Release|Any CPU
		{FFBA94E2-8293-4F38-B687-72E4A64D64CD}.Release|Any CPU.Build.0 = Release|Any CPU
		{E68325C4-FD55-42DB-A083-ACD58FF8DF82}.Debug|Any CPU.ActiveCfg = Debug|Any CPU
		{E68325C4-FD55-42DB-A083-ACD58FF8DF82}.Debug|Any CPU.Build.0 = Debug|Any CPU
		{E68325C4-FD55-42DB-A083-ACD58FF8DF82}.Release|Any CPU.ActiveCfg = Release|Any CPU
		{E68325C4-FD55-42DB-A083-ACD58FF8DF82}.Release|Any CPU.Build.0 = Release|Any CPU
		{CCBEDDC4-2415-4424-B810-544AA752004B}.Debug|Any CPU.ActiveCfg = Debug|Any CPU
		{CCBEDDC4-2415-4424-B810-544AA752004B}.Debug|Any CPU.Build.0 = Debug|Any CPU
		{CCBEDDC4-2415-4424-B810-544AA752004B}.Release|Any CPU.ActiveCfg = Release|Any CPU
		{CCBEDDC4-2415-4424-B810-544AA752004B}.Release|Any CPU.Build.0 = Release|Any CPU
		{03A6D34D-3062-42F0-ACED-095C3A2657CB}.Debug|Any CPU.ActiveCfg = Debug|Any CPU
		{03A6D34D-3062-42F0-ACED-095C3A2657CB}.Debug|Any CPU.Build.0 = Debug|Any CPU
		{03A6D34D-3062-42F0-ACED-095C3A2657CB}.Release|Any CPU.ActiveCfg = Release|Any CPU
		{03A6D34D-3062-42F0-ACED-095C3A2657CB}.Release|Any CPU.Build.0 = Release|Any CPU
	EndGlobalSection
	GlobalSection(SolutionProperties) = preSolution
		HideSolutionNode = FALSE
	EndGlobalSection
	GlobalSection(NestedProjects) = preSolution
		{6936BFF7-6EE1-4A17-BBB7-4941D5F687DB} = {5454D365-E93C-42B8-8314-E304DB5765B3}
		{642F214F-8956-43CF-9011-2C2A9ADB6426} = {5454D365-E93C-42B8-8314-E304DB5765B3}
		{6E6097BE-1EA6-46A7-9EEF-179D6651804B} = {5454D365-E93C-42B8-8314-E304DB5765B3}
		{ADD26CAE-81BF-4C24-82AF-C9C9F1F95708} = {5454D365-E93C-42B8-8314-E304DB5765B3}
		{7EB4E288-1857-4E37-A2EE-874B4F24DEE8} = {5454D365-E93C-42B8-8314-E304DB5765B3}
		{2C64058F-BF04-4BBA-A84F-759AA479DB0E} = {5454D365-E93C-42B8-8314-E304DB5765B3}
		{67A2615C-34B5-41AC-B5C9-CE82C5D28368} = {5454D365-E93C-42B8-8314-E304DB5765B3}
		{9A903363-6925-4C9F-9A19-F751F4987604} = {5454D365-E93C-42B8-8314-E304DB5765B3}
		{3AF3B3B0-A5DA-45D0-91C7-7A9E96716FAB} = {5454D365-E93C-42B8-8314-E304DB5765B3}
		{EBC646EC-DC8E-4BCB-AB7E-97BFD218ACA2} = {5454D365-E93C-42B8-8314-E304DB5765B3}
		{5C8368E1-143B-4D37-9F33-BCE395D9C3A4} = {5454D365-E93C-42B8-8314-E304DB5765B3}
		{34553207-1BE8-42D3-9FE5-B4419CBC7764} = {5454D365-E93C-42B8-8314-E304DB5765B3}
		{14DD4C53-014F-45EE-AF31-47B1B4E4F093} = {5454D365-E93C-42B8-8314-E304DB5765B3}
		{AA46EECE-D592-43EE-B291-A68A756E89F5} = {5454D365-E93C-42B8-8314-E304DB5765B3}
		{E5D3A0BD-21E8-4C2B-A37D-4B8082C1C3F8} = {5454D365-E93C-42B8-8314-E304DB5765B3}
		{FFBA94E2-8293-4F38-B687-72E4A64D64CD} = {5454D365-E93C-42B8-8314-E304DB5765B3}
		{E68325C4-FD55-42DB-A083-ACD58FF8DF82} = {5454D365-E93C-42B8-8314-E304DB5765B3}
		{CCBEDDC4-2415-4424-B810-544AA752004B} = {5454D365-E93C-42B8-8314-E304DB5765B3}
		{03A6D34D-3062-42F0-ACED-095C3A2657CB} = {5454D365-E93C-42B8-8314-E304DB5765B3}
	EndGlobalSection
	GlobalSection(ExtensibilityGlobals) = postSolution
		SolutionGuid = {C4CEBCCD-70A0-4F90-A671-18C55F87B7C1}
	EndGlobalSection
EndGlobal
