
Microsoft Visual Studio Solution File, Format Version 12.00
# Visual Studio 15
VisualStudioVersion = 15.0.27130.2036
MinimumVisualStudioVersion = 10.0.40219.1
Project("{FAE04EC0-301F-11D3-BF4B-00C04F79EFBC}") = "DryIoc", "Net45\DryIoc\DryIoc.csproj", "{B6C2FC35-7586-417B-AD35-32AED63ADFA9}"
EndProject
Project("{FAE04EC0-301F-11D3-BF4B-00C04F79EFBC}") = "DryIoc.IssuesTests", "Net45\DryIoc.IssuesTests\DryIoc.IssuesTests.csproj", "{69ECCA75-698F-41BC-B25F-565AEC01E3EA}"
EndProject
Project("{FAE04EC0-301F-11D3-BF4B-00C04F79EFBC}") = "DryIoc.MefAttributedModel", "Net45\DryIoc.MefAttributedModel\DryIoc.MefAttributedModel.csproj", "{BFB1206A-3545-4369-8F23-49FD1BFFC362}"
EndProject
Project("{FAE04EC0-301F-11D3-BF4B-00C04F79EFBC}") = "DryIoc.MefAttributedModel.CompileTimeAssemblyScan.Tests", "Net45\DryIoc.MefAttributedModel.CompileTimeAssemblyScan.Tests\DryIoc.MefAttributedModel.CompileTimeAssemblyScan.Tests.csproj", "{EE366065-BF63-44D1-BD65-75A214C1EE8E}"
EndProject
Project("{FAE04EC0-301F-11D3-BF4B-00C04F79EFBC}") = "DryIoc.MefAttributedModel.UnitTests", "Net45\DryIoc.MefAttributedModel.UnitTests\DryIoc.MefAttributedModel.UnitTests.csproj", "{BD3EFE68-767A-4F0D-BE4A-AB6334212248}"
EndProject
Project("{FAE04EC0-301F-11D3-BF4B-00C04F79EFBC}") = "DryIoc.MefAttributedModel.UnitTests.CUT", "Net45\DryIoc.MefAttributedModel.UnitTests.CUT\DryIoc.MefAttributedModel.UnitTests.CUT.csproj", "{E210B3D9-29C8-46F5-8968-09A0E5857158}"
EndProject
Project("{FAE04EC0-301F-11D3-BF4B-00C04F79EFBC}") = "DryIoc.Samples.CUT", "Net45\DryIoc.Samples.CUT\DryIoc.Samples.CUT.csproj", "{4D1145DB-53DF-414B-8826-A38CF83B4678}"
EndProject
Project("{FAE04EC0-301F-11D3-BF4B-00C04F79EFBC}") = "DryIoc.UnitTests", "Net45\DryIoc.UnitTests\DryIoc.UnitTests.csproj", "{13085219-07C8-4907-BA4B-E215B3DBA588}"
EndProject
Project("{FAE04EC0-301F-11D3-BF4B-00C04F79EFBC}") = "DryIocAttributes", "Net45\DryIocAttributes\DryIocAttributes.csproj", "{9FB3BBB2-30A6-4B67-9AF7-FFC152920E49}"
EndProject
Project("{FAE04EC0-301F-11D3-BF4B-00C04F79EFBC}") = "Playground", "Net45\Playground\Playground.csproj", "{7F524A24-95CA-49FB-92B9-9471964FC405}"
EndProject
Project("{2150E333-8FDC-42A3-9474-1A3956D46DE8}") = "Solution Items", "Solution Items", "{1D2F543C-CE8C-42B4-ABC2-6E0F9DBD76BE}"
	ProjectSection(SolutionItems) = preProject
		CONTRIBUTING.md = CONTRIBUTING.md
		README.md = README.md
	EndProjectSection
EndProject
Project("{FAE04EC0-301F-11D3-BF4B-00C04F79EFBC}") = "DryIocZero", "Net45\DryIocZero\DryIocZero.csproj", "{181FC23C-08F1-4385-8549-B13781D82F23}"
EndProject
Project("{FAE04EC0-301F-11D3-BF4B-00C04F79EFBC}") = "DryIocZero.UnitTests", "Net45\DryIocZero.UnitTests\DryIocZero.UnitTests.csproj", "{7D2656A9-81D3-4CCD-94E5-9CB8FC7E5E70}"
EndProject
Project("{2150E333-8FDC-42A3-9474-1A3956D46DE8}") = "BuildScripts", "BuildScripts", "{0DC443FD-3783-4F77-BDA1-68965996F9B5}"
	ProjectSection(SolutionItems) = preProject
		BuildScripts\_main.bat = BuildScripts\_main.bat
		BuildScripts\Build.bat = BuildScripts\Build.bat
		BuildScripts\Clean.bat = BuildScripts\Clean.bat
		BuildScripts\MakeInternal.ps1 = BuildScripts\MakeInternal.ps1
		BuildScripts\MSBuild.log = BuildScripts\MSBuild.log
		BuildScripts\NuGetPack.bat = BuildScripts\NuGetPack.bat
		BuildScripts\NuGetPublish.bat = BuildScripts\NuGetPublish.bat
		BuildScripts\RunTestsWithCoverage.bat = BuildScripts\RunTestsWithCoverage.bat
	EndProjectSection
EndProject
Project("{2150E333-8FDC-42A3-9474-1A3956D46DE8}") = "NuGetSpecs", "NuGetSpecs", "{61DEA9E3-8A76-4390-8BB0-9947F538613B}"
	ProjectSection(SolutionItems) = preProject
		NuGetSpecs\DryIoc.CommonServiceLocator.dll.nuspec = NuGetSpecs\DryIoc.CommonServiceLocator.dll.nuspec
		NuGetSpecs\DryIoc.CommonServiceLocator.nuspec = NuGetSpecs\DryIoc.CommonServiceLocator.nuspec
		NuGetSpecs\DryIoc.dll.nuspec = NuGetSpecs\DryIoc.dll.nuspec
		NuGetSpecs\DryIoc.Internal.nuspec = NuGetSpecs\DryIoc.Internal.nuspec
		NuGetSpecs\DryIoc.MefAttributedModel.dll.nuspec = NuGetSpecs\DryIoc.MefAttributedModel.dll.nuspec
		NuGetSpecs\DryIoc.MefAttributedModel.nuspec = NuGetSpecs\DryIoc.MefAttributedModel.nuspec
		NuGetSpecs\DryIoc.Mvc.dll.nuspec = NuGetSpecs\DryIoc.Mvc.dll.nuspec
		NuGetSpecs\DryIoc.Mvc.nuspec = NuGetSpecs\DryIoc.Mvc.nuspec
		NuGetSpecs\DryIoc.nuspec = NuGetSpecs\DryIoc.nuspec
		NuGetSpecs\DryIoc.Owin.dll.nuspec = NuGetSpecs\DryIoc.Owin.dll.nuspec
		NuGetSpecs\DryIoc.Owin.nuspec = NuGetSpecs\DryIoc.Owin.nuspec
		NuGetSpecs\DryIoc.SignalR.dll.nuspec = NuGetSpecs\DryIoc.SignalR.dll.nuspec
		NuGetSpecs\DryIoc.SignalR.nuspec = NuGetSpecs\DryIoc.SignalR.nuspec
		NuGetSpecs\DryIoc.snk = NuGetSpecs\DryIoc.snk
		NuGetSpecs\DryIoc.Web.dll.nuspec = NuGetSpecs\DryIoc.Web.dll.nuspec
		NuGetSpecs\DryIoc.Web.nuspec = NuGetSpecs\DryIoc.Web.nuspec
		NuGetSpecs\DryIoc.WebApi.dll.nuspec = NuGetSpecs\DryIoc.WebApi.dll.nuspec
		NuGetSpecs\DryIoc.WebApi.nuspec = NuGetSpecs\DryIoc.WebApi.nuspec
		NuGetSpecs\DryIoc.WebApi.Owin.dll.nuspec = NuGetSpecs\DryIoc.WebApi.Owin.dll.nuspec
		NuGetSpecs\DryIoc.WebApi.Owin.nuspec = NuGetSpecs\DryIoc.WebApi.Owin.nuspec
		NuGetSpecs\DryIocAttributes.dll.nuspec = NuGetSpecs\DryIocAttributes.dll.nuspec
		NuGetSpecs\DryIocAttributes.nuspec = NuGetSpecs\DryIocAttributes.nuspec
		NuGetSpecs\DryIocZero.nuspec = NuGetSpecs\DryIocZero.nuspec
		NuGetSpecs\README.md = NuGetSpecs\README.md
	EndProjectSection
EndProject
Project("{2150E333-8FDC-42A3-9474-1A3956D46DE8}") = "DryIocZero", "DryIocZero", "{FBFB74BB-0F74-4F21-B134-88418D36502C}"
	ProjectSection(SolutionItems) = preProject
		NuGetSpecs\DryIocZero\readme.txt = NuGetSpecs\DryIocZero\readme.txt
	EndProjectSection
EndProject
Project("{2150E333-8FDC-42A3-9474-1A3956D46DE8}") = "build", "build", "{70B242BC-350D-48D5-807D-3F046FE96C85}"
	ProjectSection(SolutionItems) = preProject
		NuGetSpecs\DryIocZero\build\DryIocZero.props = NuGetSpecs\DryIocZero\build\DryIocZero.props
	EndProjectSection
EndProject
Project("{FAE04EC0-301F-11D3-BF4B-00C04F79EFBC}") = "DryIoc.Docs", "Net45\DryIoc.Docs\DryIoc.Docs.csproj", "{1EEE4073-54CA-4E49-B67B-4AF9D5B41A3C}"
EndProject
Global
	GlobalSection(SolutionConfigurationPlatforms) = preSolution
		Debug|Any CPU = Debug|Any CPU
		Release|Any CPU = Release|Any CPU
	EndGlobalSection
	GlobalSection(ProjectConfigurationPlatforms) = postSolution
		{B6C2FC35-7586-417B-AD35-32AED63ADFA9}.Debug|Any CPU.ActiveCfg = Debug|Any CPU
		{B6C2FC35-7586-417B-AD35-32AED63ADFA9}.Debug|Any CPU.Build.0 = Debug|Any CPU
		{B6C2FC35-7586-417B-AD35-32AED63ADFA9}.Release|Any CPU.ActiveCfg = Release|Any CPU
		{B6C2FC35-7586-417B-AD35-32AED63ADFA9}.Release|Any CPU.Build.0 = Release|Any CPU
		{69ECCA75-698F-41BC-B25F-565AEC01E3EA}.Debug|Any CPU.ActiveCfg = Debug|Any CPU
		{69ECCA75-698F-41BC-B25F-565AEC01E3EA}.Debug|Any CPU.Build.0 = Debug|Any CPU
		{69ECCA75-698F-41BC-B25F-565AEC01E3EA}.Release|Any CPU.ActiveCfg = Release|Any CPU
		{69ECCA75-698F-41BC-B25F-565AEC01E3EA}.Release|Any CPU.Build.0 = Release|Any CPU
		{BFB1206A-3545-4369-8F23-49FD1BFFC362}.Debug|Any CPU.ActiveCfg = Debug|Any CPU
		{BFB1206A-3545-4369-8F23-49FD1BFFC362}.Debug|Any CPU.Build.0 = Debug|Any CPU
		{BFB1206A-3545-4369-8F23-49FD1BFFC362}.Release|Any CPU.ActiveCfg = Release|Any CPU
		{BFB1206A-3545-4369-8F23-49FD1BFFC362}.Release|Any CPU.Build.0 = Release|Any CPU
		{EE366065-BF63-44D1-BD65-75A214C1EE8E}.Debug|Any CPU.ActiveCfg = Debug|Any CPU
		{EE366065-BF63-44D1-BD65-75A214C1EE8E}.Debug|Any CPU.Build.0 = Debug|Any CPU
		{EE366065-BF63-44D1-BD65-75A214C1EE8E}.Release|Any CPU.ActiveCfg = Release|Any CPU
		{EE366065-BF63-44D1-BD65-75A214C1EE8E}.Release|Any CPU.Build.0 = Release|Any CPU
		{BD3EFE68-767A-4F0D-BE4A-AB6334212248}.Debug|Any CPU.ActiveCfg = Debug|Any CPU
		{BD3EFE68-767A-4F0D-BE4A-AB6334212248}.Debug|Any CPU.Build.0 = Debug|Any CPU
		{BD3EFE68-767A-4F0D-BE4A-AB6334212248}.Release|Any CPU.ActiveCfg = Release|Any CPU
		{BD3EFE68-767A-4F0D-BE4A-AB6334212248}.Release|Any CPU.Build.0 = Release|Any CPU
		{E210B3D9-29C8-46F5-8968-09A0E5857158}.Debug|Any CPU.ActiveCfg = Debug|Any CPU
		{E210B3D9-29C8-46F5-8968-09A0E5857158}.Debug|Any CPU.Build.0 = Debug|Any CPU
		{E210B3D9-29C8-46F5-8968-09A0E5857158}.Release|Any CPU.ActiveCfg = Release|Any CPU
		{E210B3D9-29C8-46F5-8968-09A0E5857158}.Release|Any CPU.Build.0 = Release|Any CPU
		{4D1145DB-53DF-414B-8826-A38CF83B4678}.Debug|Any CPU.ActiveCfg = Debug|Any CPU
		{4D1145DB-53DF-414B-8826-A38CF83B4678}.Debug|Any CPU.Build.0 = Debug|Any CPU
		{4D1145DB-53DF-414B-8826-A38CF83B4678}.Release|Any CPU.ActiveCfg = Release|Any CPU
		{4D1145DB-53DF-414B-8826-A38CF83B4678}.Release|Any CPU.Build.0 = Release|Any CPU
		{13085219-07C8-4907-BA4B-E215B3DBA588}.Debug|Any CPU.ActiveCfg = Debug|Any CPU
		{13085219-07C8-4907-BA4B-E215B3DBA588}.Debug|Any CPU.Build.0 = Debug|Any CPU
		{13085219-07C8-4907-BA4B-E215B3DBA588}.Release|Any CPU.ActiveCfg = Release|Any CPU
		{13085219-07C8-4907-BA4B-E215B3DBA588}.Release|Any CPU.Build.0 = Release|Any CPU
		{9FB3BBB2-30A6-4B67-9AF7-FFC152920E49}.Debug|Any CPU.ActiveCfg = Debug|Any CPU
		{9FB3BBB2-30A6-4B67-9AF7-FFC152920E49}.Debug|Any CPU.Build.0 = Debug|Any CPU
		{9FB3BBB2-30A6-4B67-9AF7-FFC152920E49}.Release|Any CPU.ActiveCfg = Release|Any CPU
		{9FB3BBB2-30A6-4B67-9AF7-FFC152920E49}.Release|Any CPU.Build.0 = Release|Any CPU
		{7F524A24-95CA-49FB-92B9-9471964FC405}.Debug|Any CPU.ActiveCfg = Debug|Any CPU
		{7F524A24-95CA-49FB-92B9-9471964FC405}.Debug|Any CPU.Build.0 = Debug|Any CPU
		{7F524A24-95CA-49FB-92B9-9471964FC405}.Release|Any CPU.ActiveCfg = Release|Any CPU
		{7F524A24-95CA-49FB-92B9-9471964FC405}.Release|Any CPU.Build.0 = Release|Any CPU
		{181FC23C-08F1-4385-8549-B13781D82F23}.Debug|Any CPU.ActiveCfg = Debug|Any CPU
		{181FC23C-08F1-4385-8549-B13781D82F23}.Debug|Any CPU.Build.0 = Debug|Any CPU
		{181FC23C-08F1-4385-8549-B13781D82F23}.Release|Any CPU.ActiveCfg = Release|Any CPU
		{181FC23C-08F1-4385-8549-B13781D82F23}.Release|Any CPU.Build.0 = Release|Any CPU
		{7D2656A9-81D3-4CCD-94E5-9CB8FC7E5E70}.Debug|Any CPU.ActiveCfg = Debug|Any CPU
		{7D2656A9-81D3-4CCD-94E5-9CB8FC7E5E70}.Debug|Any CPU.Build.0 = Debug|Any CPU
		{7D2656A9-81D3-4CCD-94E5-9CB8FC7E5E70}.Release|Any CPU.ActiveCfg = Release|Any CPU
		{7D2656A9-81D3-4CCD-94E5-9CB8FC7E5E70}.Release|Any CPU.Build.0 = Release|Any CPU
		{1EEE4073-54CA-4E49-B67B-4AF9D5B41A3C}.Debug|Any CPU.ActiveCfg = Debug|Any CPU
		{1EEE4073-54CA-4E49-B67B-4AF9D5B41A3C}.Debug|Any CPU.Build.0 = Debug|Any CPU
		{1EEE4073-54CA-4E49-B67B-4AF9D5B41A3C}.Release|Any CPU.ActiveCfg = Release|Any CPU
		{1EEE4073-54CA-4E49-B67B-4AF9D5B41A3C}.Release|Any CPU.Build.0 = Release|Any CPU
	EndGlobalSection
	GlobalSection(SolutionProperties) = preSolution
		HideSolutionNode = FALSE
	EndGlobalSection
	GlobalSection(NestedProjects) = preSolution
		{FBFB74BB-0F74-4F21-B134-88418D36502C} = {61DEA9E3-8A76-4390-8BB0-9947F538613B}
		{70B242BC-350D-48D5-807D-3F046FE96C85} = {FBFB74BB-0F74-4F21-B134-88418D36502C}
	EndGlobalSection
	GlobalSection(ExtensibilityGlobals) = postSolution
		SolutionGuid = {ADDE327D-5A68-4B09-9D29-CB0D20C2BE4A}
	EndGlobalSection
EndGlobal
