
Microsoft Visual Studio Solution File, Format Version 12.00
# Visual Studio Version 16
VisualStudioVersion = 16.0.29020.237
MinimumVisualStudioVersion = 10.0.40219.1
Project("{2150E333-8FDC-42A3-9474-1A3956D46DE8}") = "src", "src", "{258FA031-1B82-403A-B235-9A25B17A024A}"
	ProjectSection(SolutionItems) = preProject
		src\Directory.Build.props = src\Directory.Build.props
	EndProjectSection
EndProject
Project("{2150E333-8FDC-42A3-9474-1A3956D46DE8}") = "test", "test", "{69DDE71E-F688-44E9-9A60-AB0DE2D270FF}"
	ProjectSection(SolutionItems) = preProject
		test\Directory.Build.props = test\Directory.Build.props
	EndProjectSection
EndProject
Project("{2150E333-8FDC-42A3-9474-1A3956D46DE8}") = "Solution Items", "Solution Items", "{4B89FC0D-D4E5-46FF-9AB0-5BF936B6C1F6}"
	ProjectSection(SolutionItems) = preProject
		.editorconfig = .editorconfig
		build.bat = build.bat
		CONTRIBUTING.md = CONTRIBUTING.md
		Directory.Build.props = Directory.Build.props
		Extensions.md = Extensions.md
		LICENSE.txt = LICENSE.txt
		NuGet.Config = NuGet.Config
		README.md = README.md
	EndProjectSection
EndProject
Project("{9A19103F-16F7-4668-BE54-9A1E7A4F7556}") = "DryIoc", "src\DryIoc\DryIoc.csproj", "{66680876-2103-4073-A4A4-A220B5D309A6}"
EndProject
Project("{9A19103F-16F7-4668-BE54-9A1E7A4F7556}") = "DryIoc.UnitTests", "test\DryIoc.UnitTests\DryIoc.UnitTests.csproj", "{FA824624-B0E5-4D7E-8E43-68CF28BCF7C8}"
EndProject
Project("{9A19103F-16F7-4668-BE54-9A1E7A4F7556}") = "DryIocAttributes", "src\DryIocAttributes\DryIocAttributes.csproj", "{4DC58CD1-1CB5-4B9F-B844-F16CA0F996DB}"
EndProject
Project("{9A19103F-16F7-4668-BE54-9A1E7A4F7556}") = "DryIoc.MefAttributedModel", "src\DryIoc.MefAttributedModel\DryIoc.MefAttributedModel.csproj", "{5D51F49D-1AA3-4414-9BEF-6FC3152F0308}"
EndProject
Project("{9A19103F-16F7-4668-BE54-9A1E7A4F7556}") = "DryIoc.Microsoft.DependencyInjection", "src\DryIoc.Microsoft.DependencyInjection\DryIoc.Microsoft.DependencyInjection.csproj", "{B7F66F8C-2F14-42D9-A2CA-574CFC7C8E5A}"
EndProject
Project("{9A19103F-16F7-4668-BE54-9A1E7A4F7556}") = "DryIoc.Microsoft.DependencyInjection.Specification.Tests", "test\DryIoc.Microsoft.DependencyInjection.Specification.Tests\DryIoc.Microsoft.DependencyInjection.Specification.Tests.csproj", "{48DDDAAE-1994-4790-8654-51FD79D5B49C}"
EndProject
Project("{9A19103F-16F7-4668-BE54-9A1E7A4F7556}") = "DryIoc.MefAttributedModel.UnitTests", "test\DryIoc.MefAttributedModel.UnitTests\DryIoc.MefAttributedModel.UnitTests.csproj", "{C410E14B-77EA-4361-A6BA-37D54734F4D5}"
EndProject
Project("{2150E333-8FDC-42A3-9474-1A3956D46DE8}") = "docs", "docs", "{CFF511D2-B665-4C38-A58B-52D087BB929F}"
EndProject
Project("{9A19103F-16F7-4668-BE54-9A1E7A4F7556}") = "DryIoc.Docs", "docs\DryIoc.Docs\DryIoc.Docs.csproj", "{F7DD1921-09C0-4F71-BF54-8CFB24575D6C}"
EndProject
Project("{9A19103F-16F7-4668-BE54-9A1E7A4F7556}") = "DryIoc.IssuesTests", "test\DryIoc.IssuesTests\DryIoc.IssuesTests.csproj", "{A55B918A-80B3-454D-A541-F0A62C34020F}"
EndProject
Project("{9A19103F-16F7-4668-BE54-9A1E7A4F7556}") = "DryIocZero", "src\DryIocZero\DryIocZero.csproj", "{07C19E75-7B77-42EB-8B2E-E362F7DCF271}"
EndProject
Project("{9A19103F-16F7-4668-BE54-9A1E7A4F7556}") = "DryIoc.Web", "src\DryIoc.Web\DryIoc.Web.csproj", "{52E0E5C5-F9ED-40C0-8F5D-74AAF5E85B66}"
EndProject
Project("{9A19103F-16F7-4668-BE54-9A1E7A4F7556}") = "DryIoc.Web.UnitTests", "test\DryIoc.Web.UnitTests\DryIoc.Web.UnitTests.csproj", "{F97CD1BC-AB88-4A9D-9A7E-D927D9FC6BC5}"
EndProject
Project("{9A19103F-16F7-4668-BE54-9A1E7A4F7556}") = "DryIoc.Mvc", "src\DryIoc.Mvc\DryIoc.Mvc.csproj", "{AAAAF6CD-A10D-4D24-8FE2-45A24885C977}"
EndProject
Project("{9A19103F-16F7-4668-BE54-9A1E7A4F7556}") = "DryIoc.WebApi", "src\DryIoc.WebApi\DryIoc.WebApi.csproj", "{168ED4A4-5391-47EA-8553-B7B2832A7A77}"
EndProject
Project("{9A19103F-16F7-4668-BE54-9A1E7A4F7556}") = "DryIoc.Mvc.UnitTests", "test\DryIoc.Mvc.UnitTests\DryIoc.Mvc.UnitTests.csproj", "{E6FC663D-839C-42CC-937C-61FA3B619633}"
EndProject
Project("{9A19103F-16F7-4668-BE54-9A1E7A4F7556}") = "DryIoc.CommonServiceLocator", "src\DryIoc.CommonServiceLocator\DryIoc.CommonServiceLocator.csproj", "{79E231D2-A344-4E1E-AA35-163697D03030}"
EndProject
Project("{9A19103F-16F7-4668-BE54-9A1E7A4F7556}") = "DryIoc.CommonServiceLocator.UnitTests", "test\DryIoc.CommonServiceLocator.UnitTests\DryIoc.CommonServiceLocator.UnitTests.csproj", "{1A599723-359D-4655-8F37-95CB376F5B11}"
EndProject
Project("{9A19103F-16F7-4668-BE54-9A1E7A4F7556}") = "DryIoc.Owin", "src\DryIoc.Owin\DryIoc.Owin.csproj", "{280360BE-D052-438F-8363-AB61BEF96D3D}"
EndProject
Project("{9A19103F-16F7-4668-BE54-9A1E7A4F7556}") = "DryIoc.Owin.UnitTests", "test\DryIoc.Owin.UnitTests\DryIoc.Owin.UnitTests.csproj", "{B2D1584E-3801-4881-AADD-598C9B3C5AC0}"
EndProject
Project("{9A19103F-16F7-4668-BE54-9A1E7A4F7556}") = "DryIoc.WebApi.UnitTests", "test\DryIoc.WebApi.UnitTests\DryIoc.WebApi.UnitTests.csproj", "{7FBAFB6E-E3F7-4E49-B9E7-6103EE7034B5}"
EndProject
Project("{9A19103F-16F7-4668-BE54-9A1E7A4F7556}") = "DryIoc.SignalR", "src\DryIoc.SignalR\DryIoc.SignalR.csproj", "{1BEDA08B-BC11-4525-A2F9-48CFC7A4A964}"
EndProject
Project("{9A19103F-16F7-4668-BE54-9A1E7A4F7556}") = "DryIoc.SignalR.UnitTests", "test\DryIoc.SignalR.UnitTests\DryIoc.SignalR.UnitTests.csproj", "{C0C5441D-594D-4740-A960-36802BE59069}"
EndProject
Project("{9A19103F-16F7-4668-BE54-9A1E7A4F7556}") = "DryIoc.Syntax.Autofac", "src\DryIoc.Syntax.Autofac\DryIoc.Syntax.Autofac.csproj", "{05A29B15-712C-495E-A17C-28B85D51F49D}"
EndProject
Project("{9A19103F-16F7-4668-BE54-9A1E7A4F7556}") = "DryIoc.Syntax.Autofac.UnitTests", "test\DryIoc.Syntax.Autofac.UnitTests\DryIoc.Syntax.Autofac.UnitTests.csproj", "{11ACD7DF-4D2D-4FAF-A9A6-82DD123E8060}"
EndProject
Project("{9A19103F-16F7-4668-BE54-9A1E7A4F7556}") = "DryIoc.WebApi.Owin.UnitTests", "test\DryIoc.WebApi.Owin.UnitTests\DryIoc.WebApi.Owin.UnitTests.csproj", "{20995002-41F6-491A-85D3-C9019D615240}"
EndProject
Project("{9A19103F-16F7-4668-BE54-9A1E7A4F7556}") = "DryIoc.WebApi.Owin", "src\DryIoc.WebApi.Owin\DryIoc.WebApi.Owin.csproj", "{3EFFF87A-2B70-496B-9AB8-BF025A24A3D1}"
EndProject
Project("{2150E333-8FDC-42A3-9474-1A3956D46DE8}") = "playground", "playground", "{85CE6F42-1A5A-4475-9E8C-D3090BCC6EED}"
	ProjectSection(SolutionItems) = preProject
		playground\Directory.Build.props = playground\Directory.Build.props
	EndProjectSection
EndProject
Project("{9A19103F-16F7-4668-BE54-9A1E7A4F7556}") = "Playground", "playground\Playground\Playground.csproj", "{A31246B7-761B-4687-8BF3-5BCE70A7C6E2}"
EndProject
Project("{2150E333-8FDC-42A3-9474-1A3956D46DE8}") = "nuspecs", "nuspecs", "{78204655-2AD6-4729-B436-44B370317EC1}"
	ProjectSection(SolutionItems) = preProject
		nuspecs\DryIoc.CommonServiceLocator.nuspec = nuspecs\DryIoc.CommonServiceLocator.nuspec
		nuspecs\DryIoc.Internal.nuspec = nuspecs\DryIoc.Internal.nuspec
		nuspecs\DryIoc.MefAttributedModel.nuspec = nuspecs\DryIoc.MefAttributedModel.nuspec
		nuspecs\DryIoc.Mvc.nuspec = nuspecs\DryIoc.Mvc.nuspec
		nuspecs\DryIoc.nuspec = nuspecs\DryIoc.nuspec
		nuspecs\DryIoc.Owin.nuspec = nuspecs\DryIoc.Owin.nuspec
		nuspecs\DryIoc.SignalR.nuspec = nuspecs\DryIoc.SignalR.nuspec
		nuspecs\DryIoc.snk = nuspecs\DryIoc.snk
		nuspecs\DryIoc.Web.nuspec = nuspecs\DryIoc.Web.nuspec
		nuspecs\DryIoc.WebApi.nuspec = nuspecs\DryIoc.WebApi.nuspec
		nuspecs\DryIoc.WebApi.Owin.nuspec = nuspecs\DryIoc.WebApi.Owin.nuspec
		nuspecs\DryIocAttributes.nuspec = nuspecs\DryIocAttributes.nuspec
		nuspecs\DryIocZero.nuspec = nuspecs\DryIocZero.nuspec
	EndProjectSection
EndProject
Project("{2150E333-8FDC-42A3-9474-1A3956D46DE8}") = "DryIocZero", "DryIocZero", "{05C475EB-310F-4234-98CC-886ECB312AB9}"
	ProjectSection(SolutionItems) = preProject
		nuspecs\DryIocZero\readme.txt = nuspecs\DryIocZero\readme.txt
	EndProjectSection
EndProject
Project("{2150E333-8FDC-42A3-9474-1A3956D46DE8}") = "tools", "tools", "{3F44053C-AE96-45F0-BF2D-B263E526FF00}"
EndProject
Project("{2150E333-8FDC-42A3-9474-1A3956D46DE8}") = "build", "build", "{6384FD6C-BC54-4AAE-B564-4BBD768C348F}"
	ProjectSection(SolutionItems) = preProject
		nuspecs\DryIocZero\build\DryIocZero.props = nuspecs\DryIocZero\build\DryIocZero.props
	EndProjectSection
EndProject
Project("{2150E333-8FDC-42A3-9474-1A3956D46DE8}") = "BuildScripts", "BuildScripts", "{06163480-12C7-4313-B4FB-1781020FE1FE}"
	ProjectSection(SolutionItems) = preProject
		BuildScripts\MakeInternal.ps1 = BuildScripts\MakeInternal.ps1
		BuildScripts\NuGetPack.bat = BuildScripts\NuGetPack.bat
		BuildScripts\NuGetPublish.bat = BuildScripts\NuGetPublish.bat
	EndProjectSection
EndProject
Project("{9A19103F-16F7-4668-BE54-9A1E7A4F7556}") = "DryIoc.Microsoft.DependencyInjection.AspNetCore2_1", "src\DryIoc.Microsoft.DependencyInjection.AspNetCore2_1\DryIoc.Microsoft.DependencyInjection.AspNetCore2_1.csproj", "{18C92E06-45BD-4E15-942E-2A551D7F70E9}"
EndProject
Project("{9A19103F-16F7-4668-BE54-9A1E7A4F7556}") = "DryIoc.Microsoft.DependencyInjection.Specification.Tests.AspNetCore2_1", "test\DryIoc.Microsoft.DependencyInjection.Specification.Tests.AspNetCore2_1\DryIoc.Microsoft.DependencyInjection.Specification.Tests.AspNetCore2_1.csproj", "{983A558C-F295-45BF-853F-ED36EAC9FD46}"
EndProject
Project("{2150E333-8FDC-42A3-9474-1A3956D46DE8}") = "test_sut", "test_sut", "{CEE59E1D-4F3D-4863-B7AB-BC9B5700068C}"
EndProject
Project("{9A19103F-16F7-4668-BE54-9A1E7A4F7556}") = "DryIoc.MefAttributedModel.UnitTests.CUT", "test_sut\DryIoc.MefAttributedModel.UnitTests.CUT\DryIoc.MefAttributedModel.UnitTests.CUT.csproj", "{2BF1BC8E-B568-4C51-A8F8-8A079993CCE5}"
EndProject
Project("{9A19103F-16F7-4668-BE54-9A1E7A4F7556}") = "LoadTest", "playground\LoadTest\LoadTest.csproj", "{39C2C020-41C0-481E-BB64-0B2583393C27}"
EndProject
Project("{9A19103F-16F7-4668-BE54-9A1E7A4F7556}") = "ReducedStackoverflow", "test\DryIoc.Issue139_ReducedLoadTests\ReducedStackoverflow.csproj", "{0E8A590B-2AF7-4F38-B656-92077BE24C97}"
EndProject
Global
	GlobalSection(SolutionConfigurationPlatforms) = preSolution
		Debug|Any CPU = Debug|Any CPU
		Release|Any CPU = Release|Any CPU
	EndGlobalSection
	GlobalSection(ProjectConfigurationPlatforms) = postSolution
		{66680876-2103-4073-A4A4-A220B5D309A6}.Debug|Any CPU.ActiveCfg = Debug|Any CPU
		{66680876-2103-4073-A4A4-A220B5D309A6}.Debug|Any CPU.Build.0 = Debug|Any CPU
		{66680876-2103-4073-A4A4-A220B5D309A6}.Release|Any CPU.ActiveCfg = Release|Any CPU
		{66680876-2103-4073-A4A4-A220B5D309A6}.Release|Any CPU.Build.0 = Release|Any CPU
		{FA824624-B0E5-4D7E-8E43-68CF28BCF7C8}.Debug|Any CPU.ActiveCfg = Debug|Any CPU
		{FA824624-B0E5-4D7E-8E43-68CF28BCF7C8}.Debug|Any CPU.Build.0 = Debug|Any CPU
		{FA824624-B0E5-4D7E-8E43-68CF28BCF7C8}.Release|Any CPU.ActiveCfg = Release|Any CPU
		{FA824624-B0E5-4D7E-8E43-68CF28BCF7C8}.Release|Any CPU.Build.0 = Release|Any CPU
		{4DC58CD1-1CB5-4B9F-B844-F16CA0F996DB}.Debug|Any CPU.ActiveCfg = Debug|Any CPU
		{4DC58CD1-1CB5-4B9F-B844-F16CA0F996DB}.Debug|Any CPU.Build.0 = Debug|Any CPU
		{4DC58CD1-1CB5-4B9F-B844-F16CA0F996DB}.Release|Any CPU.ActiveCfg = Release|Any CPU
		{4DC58CD1-1CB5-4B9F-B844-F16CA0F996DB}.Release|Any CPU.Build.0 = Release|Any CPU
		{5D51F49D-1AA3-4414-9BEF-6FC3152F0308}.Debug|Any CPU.ActiveCfg = Debug|Any CPU
		{5D51F49D-1AA3-4414-9BEF-6FC3152F0308}.Debug|Any CPU.Build.0 = Debug|Any CPU
		{5D51F49D-1AA3-4414-9BEF-6FC3152F0308}.Release|Any CPU.ActiveCfg = Release|Any CPU
		{5D51F49D-1AA3-4414-9BEF-6FC3152F0308}.Release|Any CPU.Build.0 = Release|Any CPU
		{B7F66F8C-2F14-42D9-A2CA-574CFC7C8E5A}.Debug|Any CPU.ActiveCfg = Debug|Any CPU
		{B7F66F8C-2F14-42D9-A2CA-574CFC7C8E5A}.Debug|Any CPU.Build.0 = Debug|Any CPU
		{B7F66F8C-2F14-42D9-A2CA-574CFC7C8E5A}.Release|Any CPU.ActiveCfg = Release|Any CPU
		{B7F66F8C-2F14-42D9-A2CA-574CFC7C8E5A}.Release|Any CPU.Build.0 = Release|Any CPU
		{48DDDAAE-1994-4790-8654-51FD79D5B49C}.Debug|Any CPU.ActiveCfg = Debug|Any CPU
		{48DDDAAE-1994-4790-8654-51FD79D5B49C}.Debug|Any CPU.Build.0 = Debug|Any CPU
		{48DDDAAE-1994-4790-8654-51FD79D5B49C}.Release|Any CPU.ActiveCfg = Release|Any CPU
		{48DDDAAE-1994-4790-8654-51FD79D5B49C}.Release|Any CPU.Build.0 = Release|Any CPU
		{C410E14B-77EA-4361-A6BA-37D54734F4D5}.Debug|Any CPU.ActiveCfg = Debug|Any CPU
		{C410E14B-77EA-4361-A6BA-37D54734F4D5}.Debug|Any CPU.Build.0 = Debug|Any CPU
		{C410E14B-77EA-4361-A6BA-37D54734F4D5}.Release|Any CPU.ActiveCfg = Release|Any CPU
		{C410E14B-77EA-4361-A6BA-37D54734F4D5}.Release|Any CPU.Build.0 = Release|Any CPU
		{F7DD1921-09C0-4F71-BF54-8CFB24575D6C}.Debug|Any CPU.ActiveCfg = Debug|Any CPU
		{F7DD1921-09C0-4F71-BF54-8CFB24575D6C}.Debug|Any CPU.Build.0 = Debug|Any CPU
		{F7DD1921-09C0-4F71-BF54-8CFB24575D6C}.Release|Any CPU.ActiveCfg = Release|Any CPU
		{F7DD1921-09C0-4F71-BF54-8CFB24575D6C}.Release|Any CPU.Build.0 = Release|Any CPU
		{A55B918A-80B3-454D-A541-F0A62C34020F}.Debug|Any CPU.ActiveCfg = Debug|Any CPU
		{A55B918A-80B3-454D-A541-F0A62C34020F}.Debug|Any CPU.Build.0 = Debug|Any CPU
		{A55B918A-80B3-454D-A541-F0A62C34020F}.Release|Any CPU.ActiveCfg = Release|Any CPU
		{A55B918A-80B3-454D-A541-F0A62C34020F}.Release|Any CPU.Build.0 = Release|Any CPU
		{07C19E75-7B77-42EB-8B2E-E362F7DCF271}.Debug|Any CPU.ActiveCfg = Debug|Any CPU
		{07C19E75-7B77-42EB-8B2E-E362F7DCF271}.Debug|Any CPU.Build.0 = Debug|Any CPU
		{07C19E75-7B77-42EB-8B2E-E362F7DCF271}.Release|Any CPU.ActiveCfg = Release|Any CPU
		{07C19E75-7B77-42EB-8B2E-E362F7DCF271}.Release|Any CPU.Build.0 = Release|Any CPU
		{52E0E5C5-F9ED-40C0-8F5D-74AAF5E85B66}.Debug|Any CPU.ActiveCfg = Debug|Any CPU
		{52E0E5C5-F9ED-40C0-8F5D-74AAF5E85B66}.Debug|Any CPU.Build.0 = Debug|Any CPU
		{52E0E5C5-F9ED-40C0-8F5D-74AAF5E85B66}.Release|Any CPU.ActiveCfg = Release|Any CPU
		{52E0E5C5-F9ED-40C0-8F5D-74AAF5E85B66}.Release|Any CPU.Build.0 = Release|Any CPU
		{F97CD1BC-AB88-4A9D-9A7E-D927D9FC6BC5}.Debug|Any CPU.ActiveCfg = Debug|Any CPU
		{F97CD1BC-AB88-4A9D-9A7E-D927D9FC6BC5}.Debug|Any CPU.Build.0 = Debug|Any CPU
		{F97CD1BC-AB88-4A9D-9A7E-D927D9FC6BC5}.Release|Any CPU.ActiveCfg = Release|Any CPU
		{F97CD1BC-AB88-4A9D-9A7E-D927D9FC6BC5}.Release|Any CPU.Build.0 = Release|Any CPU
		{AAAAF6CD-A10D-4D24-8FE2-45A24885C977}.Debug|Any CPU.ActiveCfg = Debug|Any CPU
		{AAAAF6CD-A10D-4D24-8FE2-45A24885C977}.Debug|Any CPU.Build.0 = Debug|Any CPU
		{AAAAF6CD-A10D-4D24-8FE2-45A24885C977}.Release|Any CPU.ActiveCfg = Release|Any CPU
		{AAAAF6CD-A10D-4D24-8FE2-45A24885C977}.Release|Any CPU.Build.0 = Release|Any CPU
		{168ED4A4-5391-47EA-8553-B7B2832A7A77}.Debug|Any CPU.ActiveCfg = Debug|Any CPU
		{168ED4A4-5391-47EA-8553-B7B2832A7A77}.Debug|Any CPU.Build.0 = Debug|Any CPU
		{168ED4A4-5391-47EA-8553-B7B2832A7A77}.Release|Any CPU.ActiveCfg = Release|Any CPU
		{168ED4A4-5391-47EA-8553-B7B2832A7A77}.Release|Any CPU.Build.0 = Release|Any CPU
		{E6FC663D-839C-42CC-937C-61FA3B619633}.Debug|Any CPU.ActiveCfg = Debug|Any CPU
		{E6FC663D-839C-42CC-937C-61FA3B619633}.Debug|Any CPU.Build.0 = Debug|Any CPU
		{E6FC663D-839C-42CC-937C-61FA3B619633}.Release|Any CPU.ActiveCfg = Release|Any CPU
		{E6FC663D-839C-42CC-937C-61FA3B619633}.Release|Any CPU.Build.0 = Release|Any CPU
		{79E231D2-A344-4E1E-AA35-163697D03030}.Debug|Any CPU.ActiveCfg = Debug|Any CPU
		{79E231D2-A344-4E1E-AA35-163697D03030}.Debug|Any CPU.Build.0 = Debug|Any CPU
		{79E231D2-A344-4E1E-AA35-163697D03030}.Release|Any CPU.ActiveCfg = Release|Any CPU
		{79E231D2-A344-4E1E-AA35-163697D03030}.Release|Any CPU.Build.0 = Release|Any CPU
		{1A599723-359D-4655-8F37-95CB376F5B11}.Debug|Any CPU.ActiveCfg = Debug|Any CPU
		{1A599723-359D-4655-8F37-95CB376F5B11}.Debug|Any CPU.Build.0 = Debug|Any CPU
		{1A599723-359D-4655-8F37-95CB376F5B11}.Release|Any CPU.ActiveCfg = Release|Any CPU
		{1A599723-359D-4655-8F37-95CB376F5B11}.Release|Any CPU.Build.0 = Release|Any CPU
		{280360BE-D052-438F-8363-AB61BEF96D3D}.Debug|Any CPU.ActiveCfg = Debug|Any CPU
		{280360BE-D052-438F-8363-AB61BEF96D3D}.Debug|Any CPU.Build.0 = Debug|Any CPU
		{280360BE-D052-438F-8363-AB61BEF96D3D}.Release|Any CPU.ActiveCfg = Release|Any CPU
		{280360BE-D052-438F-8363-AB61BEF96D3D}.Release|Any CPU.Build.0 = Release|Any CPU
		{B2D1584E-3801-4881-AADD-598C9B3C5AC0}.Debug|Any CPU.ActiveCfg = Debug|Any CPU
		{B2D1584E-3801-4881-AADD-598C9B3C5AC0}.Debug|Any CPU.Build.0 = Debug|Any CPU
		{B2D1584E-3801-4881-AADD-598C9B3C5AC0}.Release|Any CPU.ActiveCfg = Release|Any CPU
		{B2D1584E-3801-4881-AADD-598C9B3C5AC0}.Release|Any CPU.Build.0 = Release|Any CPU
		{7FBAFB6E-E3F7-4E49-B9E7-6103EE7034B5}.Debug|Any CPU.ActiveCfg = Debug|Any CPU
		{7FBAFB6E-E3F7-4E49-B9E7-6103EE7034B5}.Debug|Any CPU.Build.0 = Debug|Any CPU
		{7FBAFB6E-E3F7-4E49-B9E7-6103EE7034B5}.Release|Any CPU.ActiveCfg = Release|Any CPU
		{7FBAFB6E-E3F7-4E49-B9E7-6103EE7034B5}.Release|Any CPU.Build.0 = Release|Any CPU
		{1BEDA08B-BC11-4525-A2F9-48CFC7A4A964}.Debug|Any CPU.ActiveCfg = Debug|Any CPU
		{1BEDA08B-BC11-4525-A2F9-48CFC7A4A964}.Debug|Any CPU.Build.0 = Debug|Any CPU
		{1BEDA08B-BC11-4525-A2F9-48CFC7A4A964}.Release|Any CPU.ActiveCfg = Release|Any CPU
		{1BEDA08B-BC11-4525-A2F9-48CFC7A4A964}.Release|Any CPU.Build.0 = Release|Any CPU
		{C0C5441D-594D-4740-A960-36802BE59069}.Debug|Any CPU.ActiveCfg = Debug|Any CPU
		{C0C5441D-594D-4740-A960-36802BE59069}.Debug|Any CPU.Build.0 = Debug|Any CPU
		{C0C5441D-594D-4740-A960-36802BE59069}.Release|Any CPU.ActiveCfg = Release|Any CPU
		{C0C5441D-594D-4740-A960-36802BE59069}.Release|Any CPU.Build.0 = Release|Any CPU
		{05A29B15-712C-495E-A17C-28B85D51F49D}.Debug|Any CPU.ActiveCfg = Debug|Any CPU
		{05A29B15-712C-495E-A17C-28B85D51F49D}.Debug|Any CPU.Build.0 = Debug|Any CPU
		{05A29B15-712C-495E-A17C-28B85D51F49D}.Release|Any CPU.ActiveCfg = Release|Any CPU
		{05A29B15-712C-495E-A17C-28B85D51F49D}.Release|Any CPU.Build.0 = Release|Any CPU
		{11ACD7DF-4D2D-4FAF-A9A6-82DD123E8060}.Debug|Any CPU.ActiveCfg = Debug|Any CPU
		{11ACD7DF-4D2D-4FAF-A9A6-82DD123E8060}.Debug|Any CPU.Build.0 = Debug|Any CPU
		{11ACD7DF-4D2D-4FAF-A9A6-82DD123E8060}.Release|Any CPU.ActiveCfg = Release|Any CPU
		{11ACD7DF-4D2D-4FAF-A9A6-82DD123E8060}.Release|Any CPU.Build.0 = Release|Any CPU
		{20995002-41F6-491A-85D3-C9019D615240}.Debug|Any CPU.ActiveCfg = Debug|Any CPU
		{20995002-41F6-491A-85D3-C9019D615240}.Debug|Any CPU.Build.0 = Debug|Any CPU
		{20995002-41F6-491A-85D3-C9019D615240}.Release|Any CPU.ActiveCfg = Release|Any CPU
		{20995002-41F6-491A-85D3-C9019D615240}.Release|Any CPU.Build.0 = Release|Any CPU
		{3EFFF87A-2B70-496B-9AB8-BF025A24A3D1}.Debug|Any CPU.ActiveCfg = Debug|Any CPU
		{3EFFF87A-2B70-496B-9AB8-BF025A24A3D1}.Debug|Any CPU.Build.0 = Debug|Any CPU
		{3EFFF87A-2B70-496B-9AB8-BF025A24A3D1}.Release|Any CPU.ActiveCfg = Release|Any CPU
		{3EFFF87A-2B70-496B-9AB8-BF025A24A3D1}.Release|Any CPU.Build.0 = Release|Any CPU
		{A31246B7-761B-4687-8BF3-5BCE70A7C6E2}.Debug|Any CPU.ActiveCfg = Debug|Any CPU
		{A31246B7-761B-4687-8BF3-5BCE70A7C6E2}.Debug|Any CPU.Build.0 = Debug|Any CPU
		{A31246B7-761B-4687-8BF3-5BCE70A7C6E2}.Release|Any CPU.ActiveCfg = Release|Any CPU
		{A31246B7-761B-4687-8BF3-5BCE70A7C6E2}.Release|Any CPU.Build.0 = Release|Any CPU
		{18C92E06-45BD-4E15-942E-2A551D7F70E9}.Debug|Any CPU.ActiveCfg = Debug|Any CPU
		{18C92E06-45BD-4E15-942E-2A551D7F70E9}.Debug|Any CPU.Build.0 = Debug|Any CPU
		{18C92E06-45BD-4E15-942E-2A551D7F70E9}.Release|Any CPU.ActiveCfg = Release|Any CPU
		{18C92E06-45BD-4E15-942E-2A551D7F70E9}.Release|Any CPU.Build.0 = Release|Any CPU
		{983A558C-F295-45BF-853F-ED36EAC9FD46}.Debug|Any CPU.ActiveCfg = Debug|Any CPU
		{983A558C-F295-45BF-853F-ED36EAC9FD46}.Debug|Any CPU.Build.0 = Debug|Any CPU
		{983A558C-F295-45BF-853F-ED36EAC9FD46}.Release|Any CPU.ActiveCfg = Release|Any CPU
		{983A558C-F295-45BF-853F-ED36EAC9FD46}.Release|Any CPU.Build.0 = Release|Any CPU
		{2BF1BC8E-B568-4C51-A8F8-8A079993CCE5}.Debug|Any CPU.ActiveCfg = Debug|Any CPU
		{2BF1BC8E-B568-4C51-A8F8-8A079993CCE5}.Debug|Any CPU.Build.0 = Debug|Any CPU
		{2BF1BC8E-B568-4C51-A8F8-8A079993CCE5}.Release|Any CPU.ActiveCfg = Release|Any CPU
		{2BF1BC8E-B568-4C51-A8F8-8A079993CCE5}.Release|Any CPU.Build.0 = Release|Any CPU
		{39C2C020-41C0-481E-BB64-0B2583393C27}.Debug|Any CPU.ActiveCfg = Debug|Any CPU
		{39C2C020-41C0-481E-BB64-0B2583393C27}.Debug|Any CPU.Build.0 = Debug|Any CPU
		{39C2C020-41C0-481E-BB64-0B2583393C27}.Release|Any CPU.ActiveCfg = Release|Any CPU
		{39C2C020-41C0-481E-BB64-0B2583393C27}.Release|Any CPU.Build.0 = Release|Any CPU
		{0E8A590B-2AF7-4F38-B656-92077BE24C97}.Debug|Any CPU.ActiveCfg = Debug|Any CPU
		{0E8A590B-2AF7-4F38-B656-92077BE24C97}.Debug|Any CPU.Build.0 = Debug|Any CPU
		{0E8A590B-2AF7-4F38-B656-92077BE24C97}.Release|Any CPU.ActiveCfg = Release|Any CPU
		{0E8A590B-2AF7-4F38-B656-92077BE24C97}.Release|Any CPU.Build.0 = Release|Any CPU
	EndGlobalSection
	GlobalSection(SolutionProperties) = preSolution
		HideSolutionNode = FALSE
	EndGlobalSection
	GlobalSection(NestedProjects) = preSolution
		{66680876-2103-4073-A4A4-A220B5D309A6} = {258FA031-1B82-403A-B235-9A25B17A024A}
		{FA824624-B0E5-4D7E-8E43-68CF28BCF7C8} = {69DDE71E-F688-44E9-9A60-AB0DE2D270FF}
		{4DC58CD1-1CB5-4B9F-B844-F16CA0F996DB} = {258FA031-1B82-403A-B235-9A25B17A024A}
		{5D51F49D-1AA3-4414-9BEF-6FC3152F0308} = {258FA031-1B82-403A-B235-9A25B17A024A}
		{B7F66F8C-2F14-42D9-A2CA-574CFC7C8E5A} = {258FA031-1B82-403A-B235-9A25B17A024A}
		{48DDDAAE-1994-4790-8654-51FD79D5B49C} = {69DDE71E-F688-44E9-9A60-AB0DE2D270FF}
		{C410E14B-77EA-4361-A6BA-37D54734F4D5} = {69DDE71E-F688-44E9-9A60-AB0DE2D270FF}
		{F7DD1921-09C0-4F71-BF54-8CFB24575D6C} = {CFF511D2-B665-4C38-A58B-52D087BB929F}
		{A55B918A-80B3-454D-A541-F0A62C34020F} = {69DDE71E-F688-44E9-9A60-AB0DE2D270FF}
		{07C19E75-7B77-42EB-8B2E-E362F7DCF271} = {258FA031-1B82-403A-B235-9A25B17A024A}
		{52E0E5C5-F9ED-40C0-8F5D-74AAF5E85B66} = {258FA031-1B82-403A-B235-9A25B17A024A}
		{F97CD1BC-AB88-4A9D-9A7E-D927D9FC6BC5} = {69DDE71E-F688-44E9-9A60-AB0DE2D270FF}
		{AAAAF6CD-A10D-4D24-8FE2-45A24885C977} = {258FA031-1B82-403A-B235-9A25B17A024A}
		{168ED4A4-5391-47EA-8553-B7B2832A7A77} = {258FA031-1B82-403A-B235-9A25B17A024A}
		{E6FC663D-839C-42CC-937C-61FA3B619633} = {69DDE71E-F688-44E9-9A60-AB0DE2D270FF}
		{79E231D2-A344-4E1E-AA35-163697D03030} = {258FA031-1B82-403A-B235-9A25B17A024A}
		{1A599723-359D-4655-8F37-95CB376F5B11} = {69DDE71E-F688-44E9-9A60-AB0DE2D270FF}
		{280360BE-D052-438F-8363-AB61BEF96D3D} = {258FA031-1B82-403A-B235-9A25B17A024A}
		{B2D1584E-3801-4881-AADD-598C9B3C5AC0} = {69DDE71E-F688-44E9-9A60-AB0DE2D270FF}
		{7FBAFB6E-E3F7-4E49-B9E7-6103EE7034B5} = {69DDE71E-F688-44E9-9A60-AB0DE2D270FF}
		{1BEDA08B-BC11-4525-A2F9-48CFC7A4A964} = {258FA031-1B82-403A-B235-9A25B17A024A}
		{C0C5441D-594D-4740-A960-36802BE59069} = {69DDE71E-F688-44E9-9A60-AB0DE2D270FF}
		{05A29B15-712C-495E-A17C-28B85D51F49D} = {258FA031-1B82-403A-B235-9A25B17A024A}
		{11ACD7DF-4D2D-4FAF-A9A6-82DD123E8060} = {69DDE71E-F688-44E9-9A60-AB0DE2D270FF}
		{20995002-41F6-491A-85D3-C9019D615240} = {69DDE71E-F688-44E9-9A60-AB0DE2D270FF}
		{3EFFF87A-2B70-496B-9AB8-BF025A24A3D1} = {258FA031-1B82-403A-B235-9A25B17A024A}
		{A31246B7-761B-4687-8BF3-5BCE70A7C6E2} = {85CE6F42-1A5A-4475-9E8C-D3090BCC6EED}
		{05C475EB-310F-4234-98CC-886ECB312AB9} = {78204655-2AD6-4729-B436-44B370317EC1}
		{3F44053C-AE96-45F0-BF2D-B263E526FF00} = {05C475EB-310F-4234-98CC-886ECB312AB9}
		{6384FD6C-BC54-4AAE-B564-4BBD768C348F} = {05C475EB-310F-4234-98CC-886ECB312AB9}
		{18C92E06-45BD-4E15-942E-2A551D7F70E9} = {258FA031-1B82-403A-B235-9A25B17A024A}
		{983A558C-F295-45BF-853F-ED36EAC9FD46} = {69DDE71E-F688-44E9-9A60-AB0DE2D270FF}
		{2BF1BC8E-B568-4C51-A8F8-8A079993CCE5} = {CEE59E1D-4F3D-4863-B7AB-BC9B5700068C}
		{39C2C020-41C0-481E-BB64-0B2583393C27} = {85CE6F42-1A5A-4475-9E8C-D3090BCC6EED}
		{0E8A590B-2AF7-4F38-B656-92077BE24C97} = {69DDE71E-F688-44E9-9A60-AB0DE2D270FF}
	EndGlobalSection
	GlobalSection(ExtensibilityGlobals) = postSolution
		SolutionGuid = {722EDB85-282C-48BF-9384-BC9C5C230923}
	EndGlobalSection
EndGlobal
