Microsoft Visual Studio Solution File, Format Version 12.00
# Visual Studio 2013
VisualStudioVersion = 12.0.30723.0
MinimumVisualStudioVersion = 10.0.40219.1
Project("{FAE04EC0-301F-11D3-BF4B-00C04F79EFBC}") = "DryIoc.SpeedTestApp", "DryIoc.SpeedTestApp\DryIoc.SpeedTestApp.csproj", "{A9C4E2CC-3CA9-4F04-8544-A2837B045643}"
EndProject
Project("{FAE04EC0-301F-11D3-BF4B-00C04F79EFBC}") = "DryIoc", "DryIoc\DryIoc.csproj", "{AE41DF42-6362-4843-84C5-C3C2AB29A3C7}"
EndProject
Project("{FAE04EC0-301F-11D3-BF4B-00C04F79EFBC}") = "DryIoc.UnitTests", "DryIoc.UnitTests\DryIoc.UnitTests.csproj", "{E9D09703-354F-4BEB-A4A9-F614485BEC61}"
EndProject
Project("{FAE04EC0-301F-11D3-BF4B-00C04F79EFBC}") = "DryIoc.MefAttributedModel.UnitTests", "DryIoc.MefAttributedModel.UnitTests\DryIoc.MefAttributedModel.UnitTests.csproj", "{E608BA59-1EA1-4598-B69E-310ADE638F0E}"
EndProject
Project("{FAE04EC0-301F-11D3-BF4B-00C04F79EFBC}") = "DryIoc.MefAttributedModel.UnitTests.CUT", "DryIoc.MefAttributedModel.UnitTests.CUT\DryIoc.MefAttributedModel.UnitTests.CUT.csproj", "{9E67B15C-D721-4525-9DD7-6A6ED6137748}"
EndProject
Project("{FAE04EC0-301F-11D3-BF4B-00C04F79EFBC}") = "DryIoc.MefAttributedModel.CompileTimeAssemblyScan.Tests", "DryIoc.MefAttributedModel.CompileTimeAssemblyScan.Tests\DryIoc.MefAttributedModel.CompileTimeAssemblyScan.Tests.csproj", "{EE366065-BF63-44D1-BD65-75A214C1EE8E}"
EndProject
Project("{FAE04EC0-301F-11D3-BF4B-00C04F79EFBC}") = "DryIoc.SpeedTestApp", "Net40\DryIoc.SpeedTestApp\DryIoc.SpeedTestApp.csproj", "{626B701A-8C0D-4DBF-934C-F00FBB331931}"
EndProject
Project("{FAE04EC0-301F-11D3-BF4B-00C04F79EFBC}") = "DryIoc.MefAttributedModel.UnitTests.CUT", "Net40\DryIoc.MefAttributedModel.UnitTests.CUT\DryIoc.MefAttributedModel.UnitTests.CUT.csproj", "{1A7C2E33-4076-492B-A82D-D3B875F18A2A}"
EndProject
Project("{FAE04EC0-301F-11D3-BF4B-00C04F79EFBC}") = "DryIoc", "Net40\DryIoc\DryIoc.csproj", "{FED12E6E-8C44-4FB2-98BB-3A82CCFD20A2}"
EndProject
Project("{2150E333-8FDC-42A3-9474-1A3956D46DE8}") = "Net40", "Net40", "{84205448-1773-45D6-8D42-548A7997A7E1}"
EndProject
Project("{FAE04EC0-301F-11D3-BF4B-00C04F79EFBC}") = "DryIoc.MefAttributedModel.UnitTests", "Net40\DryIoc.MefAttributedModel.UnitTests\DryIoc.MefAttributedModel.UnitTests.csproj", "{BC652607-1F3B-451D-A619-C2652232DC8B}"
EndProject
Project("{FAE04EC0-301F-11D3-BF4B-00C04F79EFBC}") = "DryIoc.UnitTests", "Net40\DryIoc.UnitTests\DryIoc.UnitTests.csproj", "{C8A2BC7E-C806-4191-B525-C0D72679041A}"
EndProject
Project("{2150E333-8FDC-42A3-9474-1A3956D46DE8}") = "NuGet", "NuGet", "{34781A51-76A9-479E-8FF2-66C903C5856E}"
	ProjectSection(SolutionItems) = preProject
		nuget\DryIoc.dll.nuspec = nuget\DryIoc.dll.nuspec
		NuGet\DryIoc.MefAttributedModel.dll.nuspec = NuGet\DryIoc.MefAttributedModel.dll.nuspec
		NuGet\DryIoc.MefAttributedModel.nuspec = NuGet\DryIoc.MefAttributedModel.nuspec
		nuget\DryIoc.nuspec = nuget\DryIoc.nuspec
		NuGet\DryIoc.snk = NuGet\DryIoc.snk
		NuGet\SignPackageAssemblies.ps1 = NuGet\SignPackageAssemblies.ps1
	EndProjectSection
EndProject
Project("{FAE04EC0-301F-11D3-BF4B-00C04F79EFBC}") = "DryIocClient.NuGet.Net35", "NuGet\DryIocClient.NuGet.Net35\DryIocClient.NuGet.Net35.csproj", "{2C709B4B-4076-4C36-AF42-E6E49C32F0A6}"
EndProject
Project("{FAE04EC0-301F-11D3-BF4B-00C04F79EFBC}") = "DryIocClient.NuGet.Net40", "NuGet\DryIocClient.NuGet.Net40\DryIocClient.NuGet.Net40.csproj", "{CD8A9FB5-5902-4E49-93A5-C29D148BBAF4}"
EndProject
Project("{FAE04EC0-301F-11D3-BF4B-00C04F79EFBC}") = "DryIoc.MefAttributedModel", "DryIoc.MefAttributedModel\DryIoc.MefAttributedModel.csproj", "{13516F3C-E48D-43DC-89D4-5FE00DE3C7D2}"
EndProject
Project("{FAE04EC0-301F-11D3-BF4B-00C04F79EFBC}") = "DryIoc.MefAttributedModel", "Net40\DryIoc.MefAttributedModel\DryIoc.MefAttributedModel.csproj", "{4F120D18-ABE6-4C79-B49F-8099F01E2F7F}"
EndProject
Project("{FAE04EC0-301F-11D3-BF4B-00C04F79EFBC}") = "DryIoc.Playground", "DryIoc.Playground\DryIoc.Playground.csproj", "{BDC14568-D0DD-4058-AA8D-175DC98BB5F9}"
EndProject
Project("{FAE04EC0-301F-11D3-BF4B-00C04F79EFBC}") = "DryIocClient.NuGet.Net451", "NuGet\DryIocClient.NuGet.Net451\DryIocClient.NuGet.Net451.csproj", "{EACFFE31-252D-4542-A1F4-396AC431B38F}"
EndProject
Project("{2150E333-8FDC-42A3-9474-1A3956D46DE8}") = ".nuget", ".nuget", "{3726FC4E-B3F4-4E54-BDA3-A45346396AB4}"
EndProject
Project("{2150E333-8FDC-42A3-9474-1A3956D46DE8}") = "Solution Items", "Solution Items", "{B6A9C3F2-C50A-447F-9523-3E864C698D0F}"
	ProjectSection(SolutionItems) = preProject
		appveyor.yml = appveyor.yml
		LICENSE.txt = LICENSE.txt
		README.md = README.md
	EndProjectSection
EndProject
Project("{2150E333-8FDC-42A3-9474-1A3956D46DE8}") = "PCL", "PCL", "{CE5E598E-5A34-40EA-9110-AD2663BAD177}"
EndProject
Project("{FAE04EC0-301F-11D3-BF4B-00C04F79EFBC}") = "DryIoc", "PCL\DryIoc\DryIoc.csproj", "{878E401E-474B-4AAB-AE20-122051755C81}"
EndProject
Project("{FAE04EC0-301F-11D3-BF4B-00C04F79EFBC}") = "DryIoc.MefAttributedModel", "PCL\DryIoc.MefAttributedModel\DryIoc.MefAttributedModel.csproj", "{A4810DAB-2E12-4582-AAD5-2321AD333EC6}"
EndProject
Project("{2150E333-8FDC-42A3-9474-1A3956D46DE8}") = "Issues", "Issues", "{FFE1A643-F6A7-44FC-860B-0FE617C65ACE}"
EndProject
Project("{FAE04EC0-301F-11D3-BF4B-00C04F79EFBC}") = "DryIoc.IssuesTests", "Issues\DryIoc.IssuesTests\DryIoc.IssuesTests.csproj", "{69ECCA75-698F-41BC-B25F-565AEC01E3EA}"
EndProject
Project("{2150E333-8FDC-42A3-9474-1A3956D46DE8}") = "Samples", "Samples", "{6E6AFC98-F300-4B2E-B45F-015C13E12007}"
EndProject
Project("{FAE04EC0-301F-11D3-BF4B-00C04F79EFBC}") = "DryIoc.Samples", "Samples\DryIoc.Samples\DryIoc.Samples.csproj", "{022FD983-8D10-493F-B9D5-7D5593736D58}"
EndProject
Project("{FAE04EC0-301F-11D3-BF4B-00C04F79EFBC}") = "DryIoc.Samples.CUT", "Samples\DryIoc.Samples.CUT\DryIoc.Samples.CUT.csproj", "{4D1145DB-53DF-414B-8826-A38CF83B4678}"
EndProject
Project("{2150E333-8FDC-42A3-9474-1A3956D46DE8}") = "PCL-Net45", "PCL-Net45", "{C8C71EEF-0C64-4A33-96F8-D22C6E429741}"
EndProject
Project("{FAE04EC0-301F-11D3-BF4B-00C04F79EFBC}") = "DryIoc", "PCL-Net45\DryIoc\DryIoc.csproj", "{B9FCD777-84B2-4318-8059-250805825B48}"
EndProject
Project("{FAE04EC0-301F-11D3-BF4B-00C04F79EFBC}") = "DryIoc.UnitTests", "PCL-Net45\DryIoc.UnitTests\DryIoc.UnitTests.csproj", "{1ADDCE45-5F6D-4AD1-9615-53E6B8B28047}"
EndProject
Project("{FAE04EC0-301F-11D3-BF4B-00C04F79EFBC}") = "DryIoc.MefAttributedModel", "PCL-Net45\DryIoc.MefAttributedModel\DryIoc.MefAttributedModel.csproj", "{5F929104-328D-45EC-B766-7408D1548E40}"
EndProject
Project("{FAE04EC0-301F-11D3-BF4B-00C04F79EFBC}") = "DryIoc.MefAttributedModel.UnitTests", "PCL-Net45\DryIoc.MefAttributedModel.UnitTests\DryIoc.MefAttributedModel.UnitTests.csproj", "{BF85A135-863F-456A-A9B6-CE7D81E08642}"
EndProject
Project("{FAE04EC0-301F-11D3-BF4B-00C04F79EFBC}") = "DryIoc.MefAttributedModel.UnitTests.CUT", "PCL-Net45\DryIoc.MefAttributedModel.UnitTests.CUT\DryIoc.MefAttributedModel.UnitTests.CUT.csproj", "{D05AC766-2BF0-4784-A993-13E417E98A94}"
EndProject
Project("{2150E333-8FDC-42A3-9474-1A3956D46DE8}") = "Net45", "Net45", "{73380ECB-31FC-460B-8563-CA0FC10C54D9}"
EndProject
Project("{FAE04EC0-301F-11D3-BF4B-00C04F79EFBC}") = "DryIoc", "Net45\DryIoc\DryIoc.csproj", "{B6C2FC35-7586-417B-AD35-32AED63ADFA9}"
EndProject
Project("{FAE04EC0-301F-11D3-BF4B-00C04F79EFBC}") = "DryIoc.MefAttributedModel", "Net45\DryIoc.MefAttributedModel\DryIoc.MefAttributedModel.csproj", "{BFB1206A-3545-4369-8F23-49FD1BFFC362}"
EndProject
Project("{FAE04EC0-301F-11D3-BF4B-00C04F79EFBC}") = "DryIoc.UnitTests", "Net45\DryIoc.UnitTests\DryIoc.UnitTests.csproj", "{13085219-07C8-4907-BA4B-E215B3DBA588}"
EndProject
Project("{FAE04EC0-301F-11D3-BF4B-00C04F79EFBC}") = "DryIoc.MefAttributedModel.UnitTests.CUT", "Net45\DryIoc.MefAttributedModel.UnitTests.CUT\DryIoc.MefAttributedModel.UnitTests.CUT.csproj", "{E210B3D9-29C8-46F5-8968-09A0E5857158}"
EndProject
Project("{FAE04EC0-301F-11D3-BF4B-00C04F79EFBC}") = "DryIoc.MefAttributedModel.UnitTests", "Net45\DryIoc.MefAttributedModel.UnitTests\DryIoc.MefAttributedModel.UnitTests.csproj", "{BD3EFE68-767A-4F0D-BE4A-AB6334212248}"
EndProject
Project("{2150E333-8FDC-42A3-9474-1A3956D46DE8}") = "BuildScripts", "BuildScripts", "{22CF9E4F-ECBC-4276-AEE6-A0DE0E8AD184}"
	ProjectSection(SolutionItems) = preProject
		BuildScripts\_main.bat = BuildScripts\_main.bat
		BuildScripts\Build.bat = BuildScripts\Build.bat
		BuildScripts\Clean.bat = BuildScripts\Clean.bat
		BuildScripts\NuGetPack.bat = BuildScripts\NuGetPack.bat
		BuildScripts\RunTests.bat = BuildScripts\RunTests.bat
	EndProjectSection
EndProject
Project("{2150E333-8FDC-42A3-9474-1A3956D46DE8}") = "Extensions", "Extensions", "{75F9EC5A-506E-42F1-9C11-6513BEB47F4C}"
EndProject
Project("{FAE04EC0-301F-11D3-BF4B-00C04F79EFBC}") = "DryIoc.CommonServiceLocator", "Extensions\DryIoc.CommonServiceLocator\DryIoc.CommonServiceLocator.csproj", "{CCBEDDC4-2415-4424-B810-544AA752004B}"
EndProject
Project("{FAE04EC0-301F-11D3-BF4B-00C04F79EFBC}") = "DryIoc.CommonServiceLocator.UnitTests", "Extensions\DryIoc.CommonServiceLocator.UnitTests\DryIoc.CommonServiceLocator.UnitTests.csproj", "{03A6D34D-3062-42F0-ACED-095C3A2657CB}"
EndProject
Global
	GlobalSection(SolutionConfigurationPlatforms) = preSolution
		Debug|Any CPU = Debug|Any CPU
		Release|Any CPU = Release|Any CPU
	EndGlobalSection
	GlobalSection(ProjectConfigurationPlatforms) = postSolution
		{A9C4E2CC-3CA9-4F04-8544-A2837B045643}.Debug|Any CPU.ActiveCfg = Debug|Any CPU
		{A9C4E2CC-3CA9-4F04-8544-A2837B045643}.Debug|Any CPU.Build.0 = Debug|Any CPU
		{A9C4E2CC-3CA9-4F04-8544-A2837B045643}.Release|Any CPU.ActiveCfg = Release|Any CPU
		{A9C4E2CC-3CA9-4F04-8544-A2837B045643}.Release|Any CPU.Build.0 = Release|Any CPU
		{AE41DF42-6362-4843-84C5-C3C2AB29A3C7}.Debug|Any CPU.ActiveCfg = Debug|Any CPU
		{AE41DF42-6362-4843-84C5-C3C2AB29A3C7}.Debug|Any CPU.Build.0 = Debug|Any CPU
		{AE41DF42-6362-4843-84C5-C3C2AB29A3C7}.Release|Any CPU.ActiveCfg = Release|Any CPU
		{AE41DF42-6362-4843-84C5-C3C2AB29A3C7}.Release|Any CPU.Build.0 = Release|Any CPU
		{E9D09703-354F-4BEB-A4A9-F614485BEC61}.Debug|Any CPU.ActiveCfg = Debug|Any CPU
		{E9D09703-354F-4BEB-A4A9-F614485BEC61}.Debug|Any CPU.Build.0 = Debug|Any CPU
		{E9D09703-354F-4BEB-A4A9-F614485BEC61}.Release|Any CPU.ActiveCfg = Release|Any CPU
		{E9D09703-354F-4BEB-A4A9-F614485BEC61}.Release|Any CPU.Build.0 = Release|Any CPU
		{E608BA59-1EA1-4598-B69E-310ADE638F0E}.Debug|Any CPU.ActiveCfg = Debug|Any CPU
		{E608BA59-1EA1-4598-B69E-310ADE638F0E}.Debug|Any CPU.Build.0 = Debug|Any CPU
		{E608BA59-1EA1-4598-B69E-310ADE638F0E}.Release|Any CPU.ActiveCfg = Release|Any CPU
		{E608BA59-1EA1-4598-B69E-310ADE638F0E}.Release|Any CPU.Build.0 = Release|Any CPU
		{9E67B15C-D721-4525-9DD7-6A6ED6137748}.Debug|Any CPU.ActiveCfg = Debug|Any CPU
		{9E67B15C-D721-4525-9DD7-6A6ED6137748}.Debug|Any CPU.Build.0 = Debug|Any CPU
		{9E67B15C-D721-4525-9DD7-6A6ED6137748}.Release|Any CPU.ActiveCfg = Release|Any CPU
		{9E67B15C-D721-4525-9DD7-6A6ED6137748}.Release|Any CPU.Build.0 = Release|Any CPU
		{EE366065-BF63-44D1-BD65-75A214C1EE8E}.Debug|Any CPU.ActiveCfg = Debug|Any CPU
		{EE366065-BF63-44D1-BD65-75A214C1EE8E}.Debug|Any CPU.Build.0 = Debug|Any CPU
		{EE366065-BF63-44D1-BD65-75A214C1EE8E}.Release|Any CPU.ActiveCfg = Release|Any CPU
		{EE366065-BF63-44D1-BD65-75A214C1EE8E}.Release|Any CPU.Build.0 = Release|Any CPU
		{626B701A-8C0D-4DBF-934C-F00FBB331931}.Debug|Any CPU.ActiveCfg = Debug|Any CPU
		{626B701A-8C0D-4DBF-934C-F00FBB331931}.Debug|Any CPU.Build.0 = Debug|Any CPU
		{626B701A-8C0D-4DBF-934C-F00FBB331931}.Release|Any CPU.ActiveCfg = Release|Any CPU
		{626B701A-8C0D-4DBF-934C-F00FBB331931}.Release|Any CPU.Build.0 = Release|Any CPU
		{1A7C2E33-4076-492B-A82D-D3B875F18A2A}.Debug|Any CPU.ActiveCfg = Debug|Any CPU
		{1A7C2E33-4076-492B-A82D-D3B875F18A2A}.Debug|Any CPU.Build.0 = Debug|Any CPU
		{1A7C2E33-4076-492B-A82D-D3B875F18A2A}.Release|Any CPU.ActiveCfg = Release|Any CPU
		{1A7C2E33-4076-492B-A82D-D3B875F18A2A}.Release|Any CPU.Build.0 = Release|Any CPU
		{FED12E6E-8C44-4FB2-98BB-3A82CCFD20A2}.Debug|Any CPU.ActiveCfg = Debug|Any CPU
		{FED12E6E-8C44-4FB2-98BB-3A82CCFD20A2}.Debug|Any CPU.Build.0 = Debug|Any CPU
		{FED12E6E-8C44-4FB2-98BB-3A82CCFD20A2}.Release|Any CPU.ActiveCfg = Release|Any CPU
		{FED12E6E-8C44-4FB2-98BB-3A82CCFD20A2}.Release|Any CPU.Build.0 = Release|Any CPU
		{BC652607-1F3B-451D-A619-C2652232DC8B}.Debug|Any CPU.ActiveCfg = Debug|Any CPU
		{BC652607-1F3B-451D-A619-C2652232DC8B}.Debug|Any CPU.Build.0 = Debug|Any CPU
		{BC652607-1F3B-451D-A619-C2652232DC8B}.Release|Any CPU.ActiveCfg = Release|Any CPU
		{BC652607-1F3B-451D-A619-C2652232DC8B}.Release|Any CPU.Build.0 = Release|Any CPU
		{C8A2BC7E-C806-4191-B525-C0D72679041A}.Debug|Any CPU.ActiveCfg = Debug|Any CPU
		{C8A2BC7E-C806-4191-B525-C0D72679041A}.Debug|Any CPU.Build.0 = Debug|Any CPU
		{C8A2BC7E-C806-4191-B525-C0D72679041A}.Release|Any CPU.ActiveCfg = Release|Any CPU
		{C8A2BC7E-C806-4191-B525-C0D72679041A}.Release|Any CPU.Build.0 = Release|Any CPU
		{2C709B4B-4076-4C36-AF42-E6E49C32F0A6}.Debug|Any CPU.ActiveCfg = Debug|Any CPU
		{2C709B4B-4076-4C36-AF42-E6E49C32F0A6}.Debug|Any CPU.Build.0 = Debug|Any CPU
		{2C709B4B-4076-4C36-AF42-E6E49C32F0A6}.Release|Any CPU.ActiveCfg = Release|Any CPU
		{2C709B4B-4076-4C36-AF42-E6E49C32F0A6}.Release|Any CPU.Build.0 = Release|Any CPU
		{CD8A9FB5-5902-4E49-93A5-C29D148BBAF4}.Debug|Any CPU.ActiveCfg = Debug|Any CPU
		{CD8A9FB5-5902-4E49-93A5-C29D148BBAF4}.Debug|Any CPU.Build.0 = Debug|Any CPU
		{CD8A9FB5-5902-4E49-93A5-C29D148BBAF4}.Release|Any CPU.ActiveCfg = Release|Any CPU
		{CD8A9FB5-5902-4E49-93A5-C29D148BBAF4}.Release|Any CPU.Build.0 = Release|Any CPU
		{13516F3C-E48D-43DC-89D4-5FE00DE3C7D2}.Debug|Any CPU.ActiveCfg = Debug|Any CPU
		{13516F3C-E48D-43DC-89D4-5FE00DE3C7D2}.Debug|Any CPU.Build.0 = Debug|Any CPU
		{13516F3C-E48D-43DC-89D4-5FE00DE3C7D2}.Release|Any CPU.ActiveCfg = Release|Any CPU
		{13516F3C-E48D-43DC-89D4-5FE00DE3C7D2}.Release|Any CPU.Build.0 = Release|Any CPU
		{4F120D18-ABE6-4C79-B49F-8099F01E2F7F}.Debug|Any CPU.ActiveCfg = Debug|Any CPU
		{4F120D18-ABE6-4C79-B49F-8099F01E2F7F}.Debug|Any CPU.Build.0 = Debug|Any CPU
		{4F120D18-ABE6-4C79-B49F-8099F01E2F7F}.Release|Any CPU.ActiveCfg = Release|Any CPU
		{4F120D18-ABE6-4C79-B49F-8099F01E2F7F}.Release|Any CPU.Build.0 = Release|Any CPU
		{BDC14568-D0DD-4058-AA8D-175DC98BB5F9}.Debug|Any CPU.ActiveCfg = Debug|Any CPU
		{BDC14568-D0DD-4058-AA8D-175DC98BB5F9}.Debug|Any CPU.Build.0 = Debug|Any CPU
		{BDC14568-D0DD-4058-AA8D-175DC98BB5F9}.Release|Any CPU.ActiveCfg = Release|Any CPU
		{BDC14568-D0DD-4058-AA8D-175DC98BB5F9}.Release|Any CPU.Build.0 = Release|Any CPU
		{EACFFE31-252D-4542-A1F4-396AC431B38F}.Debug|Any CPU.ActiveCfg = Debug|Any CPU
		{EACFFE31-252D-4542-A1F4-396AC431B38F}.Debug|Any CPU.Build.0 = Debug|Any CPU
		{EACFFE31-252D-4542-A1F4-396AC431B38F}.Release|Any CPU.ActiveCfg = Release|Any CPU
		{EACFFE31-252D-4542-A1F4-396AC431B38F}.Release|Any CPU.Build.0 = Release|Any CPU
		{878E401E-474B-4AAB-AE20-122051755C81}.Debug|Any CPU.ActiveCfg = Debug|Any CPU
		{878E401E-474B-4AAB-AE20-122051755C81}.Debug|Any CPU.Build.0 = Debug|Any CPU
		{878E401E-474B-4AAB-AE20-122051755C81}.Release|Any CPU.ActiveCfg = Release|Any CPU
		{878E401E-474B-4AAB-AE20-122051755C81}.Release|Any CPU.Build.0 = Release|Any CPU
		{A4810DAB-2E12-4582-AAD5-2321AD333EC6}.Debug|Any CPU.ActiveCfg = Debug|Any CPU
		{A4810DAB-2E12-4582-AAD5-2321AD333EC6}.Debug|Any CPU.Build.0 = Debug|Any CPU
		{A4810DAB-2E12-4582-AAD5-2321AD333EC6}.Release|Any CPU.ActiveCfg = Release|Any CPU
		{A4810DAB-2E12-4582-AAD5-2321AD333EC6}.Release|Any CPU.Build.0 = Release|Any CPU
		{69ECCA75-698F-41BC-B25F-565AEC01E3EA}.Debug|Any CPU.ActiveCfg = Debug|Any CPU
		{69ECCA75-698F-41BC-B25F-565AEC01E3EA}.Debug|Any CPU.Build.0 = Debug|Any CPU
		{69ECCA75-698F-41BC-B25F-565AEC01E3EA}.Release|Any CPU.ActiveCfg = Release|Any CPU
		{69ECCA75-698F-41BC-B25F-565AEC01E3EA}.Release|Any CPU.Build.0 = Release|Any CPU
		{022FD983-8D10-493F-B9D5-7D5593736D58}.Debug|Any CPU.ActiveCfg = Debug|Any CPU
		{022FD983-8D10-493F-B9D5-7D5593736D58}.Debug|Any CPU.Build.0 = Debug|Any CPU
		{022FD983-8D10-493F-B9D5-7D5593736D58}.Release|Any CPU.ActiveCfg = Release|Any CPU
		{022FD983-8D10-493F-B9D5-7D5593736D58}.Release|Any CPU.Build.0 = Release|Any CPU
		{4D1145DB-53DF-414B-8826-A38CF83B4678}.Debug|Any CPU.ActiveCfg = Debug|Any CPU
		{4D1145DB-53DF-414B-8826-A38CF83B4678}.Debug|Any CPU.Build.0 = Debug|Any CPU
		{4D1145DB-53DF-414B-8826-A38CF83B4678}.Release|Any CPU.ActiveCfg = Release|Any CPU
		{4D1145DB-53DF-414B-8826-A38CF83B4678}.Release|Any CPU.Build.0 = Release|Any CPU
		{B9FCD777-84B2-4318-8059-250805825B48}.Debug|Any CPU.ActiveCfg = Debug|Any CPU
		{B9FCD777-84B2-4318-8059-250805825B48}.Debug|Any CPU.Build.0 = Debug|Any CPU
		{B9FCD777-84B2-4318-8059-250805825B48}.Release|Any CPU.ActiveCfg = Release|Any CPU
		{B9FCD777-84B2-4318-8059-250805825B48}.Release|Any CPU.Build.0 = Release|Any CPU
		{1ADDCE45-5F6D-4AD1-9615-53E6B8B28047}.Debug|Any CPU.ActiveCfg = Debug|Any CPU
		{1ADDCE45-5F6D-4AD1-9615-53E6B8B28047}.Debug|Any CPU.Build.0 = Debug|Any CPU
		{1ADDCE45-5F6D-4AD1-9615-53E6B8B28047}.Release|Any CPU.ActiveCfg = Release|Any CPU
		{1ADDCE45-5F6D-4AD1-9615-53E6B8B28047}.Release|Any CPU.Build.0 = Release|Any CPU
		{5F929104-328D-45EC-B766-7408D1548E40}.Debug|Any CPU.ActiveCfg = Debug|Any CPU
		{5F929104-328D-45EC-B766-7408D1548E40}.Debug|Any CPU.Build.0 = Debug|Any CPU
		{5F929104-328D-45EC-B766-7408D1548E40}.Release|Any CPU.ActiveCfg = Release|Any CPU
		{5F929104-328D-45EC-B766-7408D1548E40}.Release|Any CPU.Build.0 = Release|Any CPU
		{BF85A135-863F-456A-A9B6-CE7D81E08642}.Debug|Any CPU.ActiveCfg = Debug|Any CPU
		{BF85A135-863F-456A-A9B6-CE7D81E08642}.Debug|Any CPU.Build.0 = Debug|Any CPU
		{BF85A135-863F-456A-A9B6-CE7D81E08642}.Release|Any CPU.ActiveCfg = Release|Any CPU
		{BF85A135-863F-456A-A9B6-CE7D81E08642}.Release|Any CPU.Build.0 = Release|Any CPU
		{D05AC766-2BF0-4784-A993-13E417E98A94}.Debug|Any CPU.ActiveCfg = Debug|Any CPU
		{D05AC766-2BF0-4784-A993-13E417E98A94}.Debug|Any CPU.Build.0 = Debug|Any CPU
		{D05AC766-2BF0-4784-A993-13E417E98A94}.Release|Any CPU.ActiveCfg = Release|Any CPU
		{D05AC766-2BF0-4784-A993-13E417E98A94}.Release|Any CPU.Build.0 = Release|Any CPU
		{B6C2FC35-7586-417B-AD35-32AED63ADFA9}.Debug|Any CPU.ActiveCfg = Debug|Any CPU
		{B6C2FC35-7586-417B-AD35-32AED63ADFA9}.Debug|Any CPU.Build.0 = Debug|Any CPU
		{B6C2FC35-7586-417B-AD35-32AED63ADFA9}.Release|Any CPU.ActiveCfg = Release|Any CPU
		{B6C2FC35-7586-417B-AD35-32AED63ADFA9}.Release|Any CPU.Build.0 = Release|Any CPU
		{BFB1206A-3545-4369-8F23-49FD1BFFC362}.Debug|Any CPU.ActiveCfg = Debug|Any CPU
		{BFB1206A-3545-4369-8F23-49FD1BFFC362}.Debug|Any CPU.Build.0 = Debug|Any CPU
		{BFB1206A-3545-4369-8F23-49FD1BFFC362}.Release|Any CPU.ActiveCfg = Release|Any CPU
		{BFB1206A-3545-4369-8F23-49FD1BFFC362}.Release|Any CPU.Build.0 = Release|Any CPU
		{13085219-07C8-4907-BA4B-E215B3DBA588}.Debug|Any CPU.ActiveCfg = Debug|Any CPU
		{13085219-07C8-4907-BA4B-E215B3DBA588}.Debug|Any CPU.Build.0 = Debug|Any CPU
		{13085219-07C8-4907-BA4B-E215B3DBA588}.Release|Any CPU.ActiveCfg = Release|Any CPU
		{13085219-07C8-4907-BA4B-E215B3DBA588}.Release|Any CPU.Build.0 = Release|Any CPU
		{E210B3D9-29C8-46F5-8968-09A0E5857158}.Debug|Any CPU.ActiveCfg = Debug|Any CPU
		{E210B3D9-29C8-46F5-8968-09A0E5857158}.Debug|Any CPU.Build.0 = Debug|Any CPU
		{E210B3D9-29C8-46F5-8968-09A0E5857158}.Release|Any CPU.ActiveCfg = Release|Any CPU
		{E210B3D9-29C8-46F5-8968-09A0E5857158}.Release|Any CPU.Build.0 = Release|Any CPU
		{BD3EFE68-767A-4F0D-BE4A-AB6334212248}.Debug|Any CPU.ActiveCfg = Debug|Any CPU
		{BD3EFE68-767A-4F0D-BE4A-AB6334212248}.Debug|Any CPU.Build.0 = Debug|Any CPU
		{BD3EFE68-767A-4F0D-BE4A-AB6334212248}.Release|Any CPU.ActiveCfg = Release|Any CPU
		{BD3EFE68-767A-4F0D-BE4A-AB6334212248}.Release|Any CPU.Build.0 = Release|Any CPU
		{CCBEDDC4-2415-4424-B810-544AA752004B}.Debug|Any CPU.ActiveCfg = Debug|Any CPU
		{CCBEDDC4-2415-4424-B810-544AA752004B}.Debug|Any CPU.Build.0 = Debug|Any CPU
		{CCBEDDC4-2415-4424-B810-544AA752004B}.Release|Any CPU.ActiveCfg = Release|Any CPU
		{CCBEDDC4-2415-4424-B810-544AA752004B}.Release|Any CPU.Build.0 = Release|Any CPU
		{03A6D34D-3062-42F0-ACED-095C3A2657CB}.Debug|Any CPU.ActiveCfg = Debug|Any CPU
		{03A6D34D-3062-42F0-ACED-095C3A2657CB}.Debug|Any CPU.Build.0 = Debug|Any CPU
		{03A6D34D-3062-42F0-ACED-095C3A2657CB}.Release|Any CPU.ActiveCfg = Release|Any CPU
		{03A6D34D-3062-42F0-ACED-095C3A2657CB}.Release|Any CPU.Build.0 = Release|Any CPU
	EndGlobalSection
	GlobalSection(SolutionProperties) = preSolution
		HideSolutionNode = FALSE
	EndGlobalSection
	GlobalSection(NestedProjects) = preSolution
		{626B701A-8C0D-4DBF-934C-F00FBB331931} = {84205448-1773-45D6-8D42-548A7997A7E1}
		{1A7C2E33-4076-492B-A82D-D3B875F18A2A} = {84205448-1773-45D6-8D42-548A7997A7E1}
		{FED12E6E-8C44-4FB2-98BB-3A82CCFD20A2} = {84205448-1773-45D6-8D42-548A7997A7E1}
		{BC652607-1F3B-451D-A619-C2652232DC8B} = {84205448-1773-45D6-8D42-548A7997A7E1}
		{C8A2BC7E-C806-4191-B525-C0D72679041A} = {84205448-1773-45D6-8D42-548A7997A7E1}
		{2C709B4B-4076-4C36-AF42-E6E49C32F0A6} = {34781A51-76A9-479E-8FF2-66C903C5856E}
		{CD8A9FB5-5902-4E49-93A5-C29D148BBAF4} = {34781A51-76A9-479E-8FF2-66C903C5856E}
		{4F120D18-ABE6-4C79-B49F-8099F01E2F7F} = {84205448-1773-45D6-8D42-548A7997A7E1}
		{EACFFE31-252D-4542-A1F4-396AC431B38F} = {34781A51-76A9-479E-8FF2-66C903C5856E}
		{878E401E-474B-4AAB-AE20-122051755C81} = {CE5E598E-5A34-40EA-9110-AD2663BAD177}
		{A4810DAB-2E12-4582-AAD5-2321AD333EC6} = {CE5E598E-5A34-40EA-9110-AD2663BAD177}
		{69ECCA75-698F-41BC-B25F-565AEC01E3EA} = {FFE1A643-F6A7-44FC-860B-0FE617C65ACE}
		{022FD983-8D10-493F-B9D5-7D5593736D58} = {6E6AFC98-F300-4B2E-B45F-015C13E12007}
		{4D1145DB-53DF-414B-8826-A38CF83B4678} = {6E6AFC98-F300-4B2E-B45F-015C13E12007}
		{B9FCD777-84B2-4318-8059-250805825B48} = {C8C71EEF-0C64-4A33-96F8-D22C6E429741}
		{1ADDCE45-5F6D-4AD1-9615-53E6B8B28047} = {C8C71EEF-0C64-4A33-96F8-D22C6E429741}
		{5F929104-328D-45EC-B766-7408D1548E40} = {C8C71EEF-0C64-4A33-96F8-D22C6E429741}
		{BF85A135-863F-456A-A9B6-CE7D81E08642} = {C8C71EEF-0C64-4A33-96F8-D22C6E429741}
		{D05AC766-2BF0-4784-A993-13E417E98A94} = {C8C71EEF-0C64-4A33-96F8-D22C6E429741}
		{B6C2FC35-7586-417B-AD35-32AED63ADFA9} = {73380ECB-31FC-460B-8563-CA0FC10C54D9}
		{BFB1206A-3545-4369-8F23-49FD1BFFC362} = {73380ECB-31FC-460B-8563-CA0FC10C54D9}
		{13085219-07C8-4907-BA4B-E215B3DBA588} = {73380ECB-31FC-460B-8563-CA0FC10C54D9}
		{E210B3D9-29C8-46F5-8968-09A0E5857158} = {73380ECB-31FC-460B-8563-CA0FC10C54D9}
		{BD3EFE68-767A-4F0D-BE4A-AB6334212248} = {73380ECB-31FC-460B-8563-CA0FC10C54D9}
		{CCBEDDC4-2415-4424-B810-544AA752004B} = {75F9EC5A-506E-42F1-9C11-6513BEB47F4C}
		{03A6D34D-3062-42F0-ACED-095C3A2657CB} = {75F9EC5A-506E-42F1-9C11-6513BEB47F4C}
	EndGlobalSection
EndGlobal
