<Solution>
  <Configurations>
    <Platform Name="Any CPU" />
    <Platform Name="x64" />
    <Platform Name="x86" />
  </Configurations>
  <Folder Name="/docs/">
    <Project Path="docs/DryIoc.Docs/DryIoc.Docs.csproj" />
  </Folder>
  <Folder Name="/DryIoc/">
    <File Path="nuspecs/DryIoc/readme.md" />
  </Folder>
  <Folder Name="/nuspecs/">
    <File Path="nuspecs/DryIoc.CommonServiceLocator.nuspec" />
    <File Path="nuspecs/DryIoc.Internal.nuspec" />
    <File Path="nuspecs/DryIoc.MefAttributedModel.nuspec" />
    <File Path="nuspecs/DryIoc.Mvc.nuspec" />
    <File Path="nuspecs/DryIoc.nuspec" />
    <File Path="nuspecs/DryIoc.Owin.nuspec" />
    <File Path="nuspecs/DryIoc.SignalR.nuspec" />
    <File Path="nuspecs/DryIoc.snk" />
    <File Path="nuspecs/DryIoc.Web.nuspec" />
    <File Path="nuspecs/DryIoc.WebApi.nuspec" />
    <File Path="nuspecs/DryIoc.WebApi.Owin.nuspec" />
    <File Path="nuspecs/DryIocAttributes.nuspec" />
  </Folder>
  <Folder Name="/playground/">
    <File Path="playground/Directory.Build.props" />
    <Project Path="playground/DryIoc.CompileTimeDIGenerator/DryIoc.CompileTimeDIGenerator.csproj" />
    <Project Path="playground/DryIoc.Messages.MediatRLikeExample/DryIoc.Messages.MediatRLikeExample.csproj" />
    <Project Path="playground/DryIoc.TestCompileTimeDIGenerator/DryIoc.TestCompileTimeDIGenerator.csproj" />
    <Project Path="playground/LoadTest/LoadTest.csproj" />
    <Project Path="playground/Playground/Playground.csproj" />
  </Folder>
  <Folder Name="/samples/">
    <Project Path="samples/MinimalWeb.Tests/MinimalWeb.Tests.csproj" />
    <Project Path="samples/MinimalWeb/MinimalWeb.csproj" />
  </Folder>
  <Folder Name="/Solution Items/">
    <File Path=".editorconfig" />
    <File Path="appveyor.yml" />
    <File Path="b.bat" />
    <File Path="build_the_docs.bat" />
    <File Path="build_with_packaging.bat" />
    <File Path="CONTRIBUTING.md" />
    <File Path="Directory.Build.props" />
    <File Path="Extensions.md" />
    <File Path="LICENSE.txt" />
    <File Path="NuGet.Config" />
    <File Path="README.md" />
  </Folder>
  <Folder Name="/src/">
    <File Path="src/Directory.Build.props" />
    <Project Path="src/DryIoc.AzureFunctions/DryIoc.AzureFunctions.csproj" />
    <Project Path="src/DryIoc.CommonServiceLocator/DryIoc.CommonServiceLocator.csproj" />
    <Project Path="src/DryIoc.MefAttributedModel/DryIoc.MefAttributedModel.csproj" />
    <Project Path="src/DryIoc.Microsoft.DependencyInjection/DryIoc.Microsoft.DependencyInjection.csproj" />
    <Project Path="src/DryIoc.Mvc/DryIoc.Mvc.csproj" />
    <Project Path="src/DryIoc.Owin/DryIoc.Owin.csproj" />
    <Project Path="src/DryIoc.SignalR/DryIoc.SignalR.csproj" />
    <Project Path="src/DryIoc.Syntax.Autofac/DryIoc.Syntax.Autofac.csproj" />
    <Project Path="src/DryIoc.Web/DryIoc.Web.csproj" />
    <Project Path="src/DryIoc.WebApi.Owin/DryIoc.WebApi.Owin.csproj" />
    <Project Path="src/DryIoc.WebApi/DryIoc.WebApi.csproj" />
    <Project Path="src/DryIoc/DryIoc.csproj" />
    <Project Path="src/DryIocAttributes/DryIocAttributes.csproj" />
  </Folder>
  <Folder Name="/test/">
    <File Path="Directory.Build.targets" />
    <File Path="test/Directory.Build.props" />
    <Project Path="test/DryIoc.CommonServiceLocator.UnitTests/DryIoc.CommonServiceLocator.UnitTests.csproj" />
    <Project Path="test/DryIoc.Issue139_ReducedLoadTests/ReducedStackoverflow.csproj" />
    <Project Path="test/DryIoc.IssuesTests/DryIoc.IssuesTests.csproj" />
    <Project Path="test/DryIoc.MefAttributedModel.CompileTimeAssemblyScan.Tests/DryIoc.MefAttributedModel.CompileTimeAssemblyScan.Tests.csproj" />
    <Project Path="test/DryIoc.MefAttributedModel.UnitTests/DryIoc.MefAttributedModel.UnitTests.csproj" />
    <Project Path="test/DryIoc.Microsoft.DependencyInjection.Specification.Tests/DryIoc.Microsoft.DependencyInjection.Specification.Tests.csproj" />
    <Project Path="test/DryIoc.Mvc.UnitTests/DryIoc.Mvc.UnitTests.csproj" />
    <Project Path="test/DryIoc.Owin.UnitTests/DryIoc.Owin.UnitTests.csproj" />
    <Project Path="test/DryIoc.SignalR.UnitTests/DryIoc.SignalR.UnitTests.csproj" />
    <Project Path="test/DryIoc.Syntax.Autofac.UnitTests/DryIoc.Syntax.Autofac.UnitTests.csproj" />
    <Project Path="test/DryIoc.TestRunner.net472/DryIoc.TestRunner.net472.csproj" />
    <Project Path="test/DryIoc.TestRunner/DryIoc.TestRunner.csproj" />
    <Project Path="test/DryIoc.UnitTests/DryIoc.UnitTests.csproj" />
    <Project Path="test/DryIoc.Web.UnitTests/DryIoc.Web.UnitTests.csproj" />
    <Project Path="test/DryIoc.WebApi.Owin.UnitTests/DryIoc.WebApi.Owin.UnitTests.csproj" />
    <Project Path="test/DryIoc.WebApi.UnitTests/DryIoc.WebApi.UnitTests.csproj" />
    <Project Path="test/FastExpressionCompiler.ILDecoder/FastExpressionCompiler.ILDecoder.csproj" />
  </Folder>
  <Folder Name="/test_sut/">
    <Project Path="test_sut/DryIoc.MefAttributedModel.UnitTests.CUT/DryIoc.MefAttributedModel.UnitTests.CUT.csproj" />
  </Folder>
</Solution>
