
Microsoft Visual Studio Solution File, Format Version 12.00
# Visual Studio 15
VisualStudioVersion = 15.0.28307.421
MinimumVisualStudioVersion = 10.0.40219.1
Project("{9A19103F-16F7-4668-BE54-9A1E7A4F7556}") = "DryIoc.AspNetCore.Sample", "DryIoc.AspNetCore.Sample.csproj", "{271C82F7-6AD3-4FDA-AB73-8D9ADA5C8BA6}"
EndProject
Global
	GlobalSection(SolutionConfigurationPlatforms) = preSolution
		Debug|Any CPU = Debug|Any CPU
		Release|Any CPU = Release|Any CPU
	EndGlobalSection
	GlobalSection(ProjectConfigurationPlatforms) = postSolution
		{271C82F7-6AD3-4FDA-AB73-8D9ADA5C8BA6}.Debug|Any CPU.ActiveCfg = Debug|Any CPU
		{271C82F7-6AD3-4FDA-AB73-8D9ADA5C8BA6}.Debug|Any CPU.Build.0 = Debug|Any CPU
		{271C82F7-6AD3-4FDA-AB73-8D9ADA5C8BA6}.Release|Any CPU.ActiveCfg = Release|Any CPU
		{271C82F7-6AD3-4FDA-AB73-8D9ADA5C8BA6}.Release|Any CPU.Build.0 = Release|Any CPU
	EndGlobalSection
	GlobalSection(SolutionProperties) = preSolution
		HideSolutionNode = FALSE
	EndGlobalSection
	GlobalSection(ExtensibilityGlobals) = postSolution
		SolutionGuid = {D2A97332-05F2-4D19-B8D7-18E3D7F8B3F2}
	EndGlobalSection
EndGlobal
