
Microsoft Visual Studio Solution File, Format Version 12.00
# Visual Studio Version 16
VisualStudioVersion = 16.0.29613.14
MinimumVisualStudioVersion = 10.0.40219.1
Project("{FAE04EC0-301F-11D3-BF4B-00C04F79EFBC}") = "DryIoc.AspNnetCore31.Sample", "DryIoc.AspNnetCore31.Sample.csproj", "{5E5548EF-0234-46CC-B3FF-820428CB53BC}"
EndProject
Global
	GlobalSection(SolutionConfigurationPlatforms) = preSolution
		Debug|Any CPU = Debug|Any CPU
		Release|Any CPU = Release|Any CPU
	EndGlobalSection
	GlobalSection(ProjectConfigurationPlatforms) = postSolution
		{5E5548EF-0234-46CC-B3FF-820428CB53BC}.Debug|Any CPU.ActiveCfg = Debug|Any CPU
		{5E5548EF-0234-46CC-B3FF-820428CB53BC}.Debug|Any CPU.Build.0 = Debug|Any CPU
		{5E5548EF-0234-46CC-B3FF-820428CB53BC}.Release|Any CPU.ActiveCfg = Release|Any CPU
		{5E5548EF-0234-46CC-B3FF-820428CB53BC}.Release|Any CPU.Build.0 = Release|Any CPU
	EndGlobalSection
	GlobalSection(SolutionProperties) = preSolution
		HideSolutionNode = FALSE
	EndGlobalSection
	GlobalSection(ExtensibilityGlobals) = postSolution
		SolutionGuid = {D1049217-5BFE-4A64-A6C8-F9ECF8BE076A}
	EndGlobalSection
EndGlobal
