
Microsoft Visual Studio Solution File, Format Version 12.00
# Visual Studio 14
VisualStudioVersion = 14.0.24720.0
MinimumVisualStudioVersion = 10.0.40219.1
Project("{8BB2217D-0F2D-49D1-97BC-3654ED321F3B}") = "DryIoc.Dnx", "DryIoc.Dnx\DryIoc.Dnx.xproj", "{05365FBF-CF58-40AC-BF7E-51A8FFC8C0CC}"
EndProject
Project("{8BB2217D-0F2D-49D1-97BC-3654ED321F3B}") = "DryIoc.Dnx.UnitTests", "DryIoc.Dnx.UnitTests\DryIoc.Dnx.UnitTests.xproj", "{E476B72E-15FE-4391-9216-AC33FC1675FA}"
EndProject
Project("{2150E333-8FDC-42A3-9474-1A3956D46DE8}") = "Solution Items", "Solution Items", "{70D96533-11DF-4025-BE33-433679EA8745}"
	ProjectSection(SolutionItems) = preProject
		build.bat = build.bat
		global.json = global.json
		NuGet.config = NuGet.config
		NUnitAdapterForXUnit.cs = NUnitAdapterForXUnit.cs
	EndProjectSection
	ProjectSection(FolderGlobals) = preProject
		__JSONSchema = http://json.schemastore.org/htmlhint
	EndProjectSection
EndProject
Project("{8BB2217D-0F2D-49D1-97BC-3654ED321F3B}") = "DryIoc.Dnx.DependencyInjection", "DryIoc.Dnx.DependencyInjection\DryIoc.Dnx.DependencyInjection.xproj", "{AADBE94F-040E-4FAA-9FC7-F2C41135A682}"
EndProject
Project("{8BB2217D-0F2D-49D1-97BC-3654ED321F3B}") = "DryIocAttributes.Dnx", "DryIocAttributes.Dnx\DryIocAttributes.Dnx.xproj", "{30C09187-49EF-454B-961C-050AE75558ED}"
EndProject
Project("{8BB2217D-0F2D-49D1-97BC-3654ED321F3B}") = "DryIoc.MefAttributedModel.Dnx", "DryIoc.MefAttributedModel.Dnx\DryIoc.MefAttributedModel.Dnx.xproj", "{D03D4CD5-CFA8-463C-B3F3-D23FD1CFF81A}"
EndProject
Project("{8BB2217D-0F2D-49D1-97BC-3654ED321F3B}") = "DryIoc.MefAttributedModel.Dnx.UnitTests", "DryIoc.MefAttributedModel.Dnx.UnitTests\DryIoc.MefAttributedModel.Dnx.UnitTests.xproj", "{B9845E9E-D3F0-42A1-8264-AEE0A50C2884}"
EndProject
Project("{8BB2217D-0F2D-49D1-97BC-3654ED321F3B}") = "DryIoc.MefAttributedModel.Dnx.UnitTests.CUT", "DryIoc.MefAttributedModel.Dnx.UnitTests.CUT\DryIoc.MefAttributedModel.Dnx.UnitTests.CUT.xproj", "{AF2AEE9C-80E3-404A-A683-DC62286F0B7B}"
EndProject
Project("{8BB2217D-0F2D-49D1-97BC-3654ED321F3B}") = "Web", "DryIoc.Dnx.Mvc.Sample\Web.xproj", "{535C4252-C478-440A-AA2D-F4E5E5F136EB}"
EndProject
Global
	GlobalSection(SolutionConfigurationPlatforms) = preSolution
		Debug|Any CPU = Debug|Any CPU
		Release|Any CPU = Release|Any CPU
	EndGlobalSection
	GlobalSection(ProjectConfigurationPlatforms) = postSolution
		{05365FBF-CF58-40AC-BF7E-51A8FFC8C0CC}.Debug|Any CPU.ActiveCfg = Debug|Any CPU
		{05365FBF-CF58-40AC-BF7E-51A8FFC8C0CC}.Debug|Any CPU.Build.0 = Debug|Any CPU
		{05365FBF-CF58-40AC-BF7E-51A8FFC8C0CC}.Release|Any CPU.ActiveCfg = Release|Any CPU
		{05365FBF-CF58-40AC-BF7E-51A8FFC8C0CC}.Release|Any CPU.Build.0 = Release|Any CPU
		{E476B72E-15FE-4391-9216-AC33FC1675FA}.Debug|Any CPU.ActiveCfg = Debug|Any CPU
		{E476B72E-15FE-4391-9216-AC33FC1675FA}.Debug|Any CPU.Build.0 = Debug|Any CPU
		{E476B72E-15FE-4391-9216-AC33FC1675FA}.Release|Any CPU.ActiveCfg = Release|Any CPU
		{E476B72E-15FE-4391-9216-AC33FC1675FA}.Release|Any CPU.Build.0 = Release|Any CPU
		{AADBE94F-040E-4FAA-9FC7-F2C41135A682}.Debug|Any CPU.ActiveCfg = Debug|Any CPU
		{AADBE94F-040E-4FAA-9FC7-F2C41135A682}.Debug|Any CPU.Build.0 = Debug|Any CPU
		{AADBE94F-040E-4FAA-9FC7-F2C41135A682}.Release|Any CPU.ActiveCfg = Release|Any CPU
		{AADBE94F-040E-4FAA-9FC7-F2C41135A682}.Release|Any CPU.Build.0 = Release|Any CPU
		{30C09187-49EF-454B-961C-050AE75558ED}.Debug|Any CPU.ActiveCfg = Debug|Any CPU
		{30C09187-49EF-454B-961C-050AE75558ED}.Debug|Any CPU.Build.0 = Debug|Any CPU
		{30C09187-49EF-454B-961C-050AE75558ED}.Release|Any CPU.ActiveCfg = Release|Any CPU
		{30C09187-49EF-454B-961C-050AE75558ED}.Release|Any CPU.Build.0 = Release|Any CPU
		{D03D4CD5-CFA8-463C-B3F3-D23FD1CFF81A}.Debug|Any CPU.ActiveCfg = Debug|Any CPU
		{D03D4CD5-CFA8-463C-B3F3-D23FD1CFF81A}.Debug|Any CPU.Build.0 = Debug|Any CPU
		{D03D4CD5-CFA8-463C-B3F3-D23FD1CFF81A}.Release|Any CPU.ActiveCfg = Release|Any CPU
		{D03D4CD5-CFA8-463C-B3F3-D23FD1CFF81A}.Release|Any CPU.Build.0 = Release|Any CPU
		{B9845E9E-D3F0-42A1-8264-AEE0A50C2884}.Debug|Any CPU.ActiveCfg = Debug|Any CPU
		{B9845E9E-D3F0-42A1-8264-AEE0A50C2884}.Debug|Any CPU.Build.0 = Debug|Any CPU
		{B9845E9E-D3F0-42A1-8264-AEE0A50C2884}.Release|Any CPU.ActiveCfg = Release|Any CPU
		{B9845E9E-D3F0-42A1-8264-AEE0A50C2884}.Release|Any CPU.Build.0 = Release|Any CPU
		{AF2AEE9C-80E3-404A-A683-DC62286F0B7B}.Debug|Any CPU.ActiveCfg = Debug|Any CPU
		{AF2AEE9C-80E3-404A-A683-DC62286F0B7B}.Debug|Any CPU.Build.0 = Debug|Any CPU
		{AF2AEE9C-80E3-404A-A683-DC62286F0B7B}.Release|Any CPU.ActiveCfg = Release|Any CPU
		{AF2AEE9C-80E3-404A-A683-DC62286F0B7B}.Release|Any CPU.Build.0 = Release|Any CPU
		{535C4252-C478-440A-AA2D-F4E5E5F136EB}.Debug|Any CPU.ActiveCfg = Debug|Any CPU
		{535C4252-C478-440A-AA2D-F4E5E5F136EB}.Debug|Any CPU.Build.0 = Debug|Any CPU
		{535C4252-C478-440A-AA2D-F4E5E5F136EB}.Release|Any CPU.ActiveCfg = Release|Any CPU
		{535C4252-C478-440A-AA2D-F4E5E5F136EB}.Release|Any CPU.Build.0 = Release|Any CPU
	EndGlobalSection
	GlobalSection(SolutionProperties) = preSolution
		HideSolutionNode = FALSE
	EndGlobalSection
EndGlobal
